// !$*UTF8*$!
{
	archiveVersion = 1;
	classes = {
	};
	objectVersion = 51;
	objects = {

/* Begin PBXBuildFile section */
		3FE9012010AFA416A5EBB44B /* Pods_CoatCode.framework in Frameworks */ = {isa = PBXBuildFile; fileRef = 84E6D3FC4C5AF1E109FEDE98 /* Pods_CoatCode.framework */; };
		F205419A24F736E8000F932F /* StoreViewModel.swift in Sources */ = {isa = PBXBuildFile; fileRef = F205419924F736E8000F932F /* StoreViewModel.swift */; };
		F205419C24F736FD000F932F /* WritingViewModel.swift in Sources */ = {isa = PBXBuildFile; fileRef = F205419B24F736FD000F932F /* WritingViewModel.swift */; };
		F205419E24F73715000F932F /* FavoritesViewModel.swift in Sources */ = {isa = PBXBuildFile; fileRef = F205419D24F73715000F932F /* FavoritesViewModel.swift */; };
		F20541A124F7372F000F932F /* SettingsViewModel.swift in Sources */ = {isa = PBXBuildFile; fileRef = F20541A024F7372F000F932F /* SettingsViewModel.swift */; };
		F20CAA4B24F91699009082B0 /* ProfileResponse.swift in Sources */ = {isa = PBXBuildFile; fileRef = F20CAA4A24F91699009082B0 /* ProfileResponse.swift */; };
		F2153B9324D26A9000BFD08F /* IntroViewController.swift in Sources */ = {isa = PBXBuildFile; fileRef = F2153B9224D26A9000BFD08F /* IntroViewController.swift */; };
		F2153B9524D272A100BFD08F /* SignInViewController.swift in Sources */ = {isa = PBXBuildFile; fileRef = F2153B9424D272A100BFD08F /* SignInViewController.swift */; };
		F21DF69624DD7B9900F44B96 /* DatabaseManager.swift in Sources */ = {isa = PBXBuildFile; fileRef = F21DF69524DD7B9900F44B96 /* DatabaseManager.swift */; };
		F21DF6B524DFA77A00F44B96 /* FeedViewController.swift in Sources */ = {isa = PBXBuildFile; fileRef = F21DF6B424DFA77A00F44B96 /* FeedViewController.swift */; };
		F21DF6B724DFA78700F44B96 /* StoreViewController.swift in Sources */ = {isa = PBXBuildFile; fileRef = F21DF6B624DFA78700F44B96 /* StoreViewController.swift */; };
		F21DF6B924DFA79800F44B96 /* WritingViewController.swift in Sources */ = {isa = PBXBuildFile; fileRef = F21DF6B824DFA79800F44B96 /* WritingViewController.swift */; };
		F21DF6BB24DFA7B700F44B96 /* FavoritesViewController.swift in Sources */ = {isa = PBXBuildFile; fileRef = F21DF6BA24DFA7B700F44B96 /* FavoritesViewController.swift */; };
		F21DF6BD24DFA7C300F44B96 /* SettingsViewController.swift in Sources */ = {isa = PBXBuildFile; fileRef = F21DF6BC24DFA7C300F44B96 /* SettingsViewController.swift */; };
		F22D9FEF24FB79EF00CE0F8C /* SwiftMessage.swift in Sources */ = {isa = PBXBuildFile; fileRef = F22D9FEE24FB79EF00CE0F8C /* SwiftMessage.swift */; };
		F22D9FF124FB809A00CE0F8C /* BaseViewController.swift in Sources */ = {isa = PBXBuildFile; fileRef = F22D9FF024FB809A00CE0F8C /* BaseViewController.swift */; };
		F22D9FF324FBBA0400CE0F8C /* BaseViewModel.swift in Sources */ = {isa = PBXBuildFile; fileRef = F22D9FF224FBBA0400CE0F8C /* BaseViewModel.swift */; };
		F231AEF324A893CB00BA720B /* AppDelegate.swift in Sources */ = {isa = PBXBuildFile; fileRef = F231AEF224A893CB00BA720B /* AppDelegate.swift */; };
		F231AEFC24A893CD00BA720B /* Assets.xcassets in Resources */ = {isa = PBXBuildFile; fileRef = F231AEFB24A893CD00BA720B /* Assets.xcassets */; };
		F231AEFF24A893CD00BA720B /* LaunchScreen.storyboard in Resources */ = {isa = PBXBuildFile; fileRef = F231AEFD24A893CD00BA720B /* LaunchScreen.storyboard */; };
		F23CE60724DB0BFB00717A3F /* User.swift in Sources */ = {isa = PBXBuildFile; fileRef = F23CE60624DB0BFB00717A3F /* User.swift */; };
		F24905D32503526700BD86FF /* ProfileViewController.swift in Sources */ = {isa = PBXBuildFile; fileRef = F24905D22503526700BD86FF /* ProfileViewController.swift */; };
		F24905D52503527700BD86FF /* ProfileViewModel.swift in Sources */ = {isa = PBXBuildFile; fileRef = F24905D42503527700BD86FF /* ProfileViewModel.swift */; };
		F24905D72503550900BD86FF /* Profile.storyboard in Resources */ = {isa = PBXBuildFile; fileRef = F24905D62503550900BD86FF /* Profile.storyboard */; };
		F24905D92503837100BD86FF /* ImageBarButton.swift in Sources */ = {isa = PBXBuildFile; fileRef = F24905D82503837100BD86FF /* ImageBarButton.swift */; };
		F24905DC2503A93100BD86FF /* SearchViewController.swift in Sources */ = {isa = PBXBuildFile; fileRef = F24905DB2503A93100BD86FF /* SearchViewController.swift */; };
		F24905DE2503A94600BD86FF /* Search.storyboard in Resources */ = {isa = PBXBuildFile; fileRef = F24905DD2503A94600BD86FF /* Search.storyboard */; };
		F24905E025047C0500BD86FF /* Configs.swift in Sources */ = {isa = PBXBuildFile; fileRef = F24905DF25047C0500BD86FF /* Configs.swift */; };
		F24E952324E82C27009B06BD /* TabBarFlow.swift in Sources */ = {isa = PBXBuildFile; fileRef = F24E952224E82C27009B06BD /* TabBarFlow.swift */; };
		F24E952724E8486F009B06BD /* FeedFlow.swift in Sources */ = {isa = PBXBuildFile; fileRef = F24E952624E8486F009B06BD /* FeedFlow.swift */; };
		F24E952924E8487D009B06BD /* StoreFlow.swift in Sources */ = {isa = PBXBuildFile; fileRef = F24E952824E8487D009B06BD /* StoreFlow.swift */; };
		F24E952B24E8488A009B06BD /* WritingFlow.swift in Sources */ = {isa = PBXBuildFile; fileRef = F24E952A24E8488A009B06BD /* WritingFlow.swift */; };
		F24E952D24E8489D009B06BD /* FavoriteFlow.swift in Sources */ = {isa = PBXBuildFile; fileRef = F24E952C24E8489D009B06BD /* FavoriteFlow.swift */; };
		F24E952F24E848A8009B06BD /* SettingFlow.swift in Sources */ = {isa = PBXBuildFile; fileRef = F24E952E24E848A8009B06BD /* SettingFlow.swift */; };
		F24E953124E8566E009B06BD /* IntroFlow.swift in Sources */ = {isa = PBXBuildFile; fileRef = F24E953024E8566E009B06BD /* IntroFlow.swift */; };
		F251610E2504B40B00932004 /* SearchFlow.swift in Sources */ = {isa = PBXBuildFile; fileRef = F251610D2504B40B00932004 /* SearchFlow.swift */; };
		F25161102504BAEC00932004 /* SearchViewModel.swift in Sources */ = {isa = PBXBuildFile; fileRef = F251610F2504BAEC00932004 /* SearchViewModel.swift */; };
		F25161132504ED1700932004 /* PostDetailViewController.swift in Sources */ = {isa = PBXBuildFile; fileRef = F25161122504ED1700932004 /* PostDetailViewController.swift */; };
		F25161152504ED3300932004 /* PostDetail.storyboard in Resources */ = {isa = PBXBuildFile; fileRef = F25161142504ED3300932004 /* PostDetail.storyboard */; };
		F25161172504F1FF00932004 /* PostDetailViewModel.swift in Sources */ = {isa = PBXBuildFile; fileRef = F25161162504F1FF00932004 /* PostDetailViewModel.swift */; };
		F2516119250638A300932004 /* Post.swift in Sources */ = {isa = PBXBuildFile; fileRef = F2516118250638A300932004 /* Post.swift */; };
		F259256624E6906400A09270 /* ViewModelBased.swift in Sources */ = {isa = PBXBuildFile; fileRef = F259256524E6906400A09270 /* ViewModelBased.swift */; };
		F259256924E692F600A09270 /* AppFlow.swift in Sources */ = {isa = PBXBuildFile; fileRef = F259256824E692F600A09270 /* AppFlow.swift */; };
		F259256B24E6952300A09270 /* CoatCodeStep.swift in Sources */ = {isa = PBXBuildFile; fileRef = F259256A24E6952300A09270 /* CoatCodeStep.swift */; };
		F264C99724D2878A00CE0251 /* SignInViewModel.swift in Sources */ = {isa = PBXBuildFile; fileRef = F264C99624D2878A00CE0251 /* SignInViewModel.swift */; };
		F264C9A424D3BA4800CE0251 /* Token.swift in Sources */ = {isa = PBXBuildFile; fileRef = F264C9A324D3BA4800CE0251 /* Token.swift */; };
		F264C9AF24D3C7AA00CE0251 /* BaseAPI.swift in Sources */ = {isa = PBXBuildFile; fileRef = F264C9AE24D3C7AA00CE0251 /* BaseAPI.swift */; };
		F264C9B424D3ECD600CE0251 /* BaseService.swift in Sources */ = {isa = PBXBuildFile; fileRef = F264C9B324D3ECD600CE0251 /* BaseService.swift */; };
		F264C9B724D3F07400CE0251 /* RequestLoggingPlugin.swift in Sources */ = {isa = PBXBuildFile; fileRef = F264C9B624D3F07400CE0251 /* RequestLoggingPlugin.swift */; };
		F264C9BA24D3F12E00CE0251 /* AuthService.swift in Sources */ = {isa = PBXBuildFile; fileRef = F264C9B924D3F12E00CE0251 /* AuthService.swift */; };
		F264C9BC24D3F1A700CE0251 /* HandleResponse.swift in Sources */ = {isa = PBXBuildFile; fileRef = F264C9BB24D3F1A700CE0251 /* HandleResponse.swift */; };
		F265B70624E14EF1008F70A9 /* SignUpViewController.swift in Sources */ = {isa = PBXBuildFile; fileRef = F265B70524E14EF1008F70A9 /* SignUpViewController.swift */; };
		F265B70824E14F8C008F70A9 /* CreateProfileViewController.swift in Sources */ = {isa = PBXBuildFile; fileRef = F265B70724E14F8C008F70A9 /* CreateProfileViewController.swift */; };
		F265B70A24E15024008F70A9 /* SocialLoginViewController.swift in Sources */ = {isa = PBXBuildFile; fileRef = F265B70924E15024008F70A9 /* SocialLoginViewController.swift */; };
		F2762A2B24EB97C200CB6434 /* SignUpViewModel.swift in Sources */ = {isa = PBXBuildFile; fileRef = F2762A2A24EB97C200CB6434 /* SignUpViewModel.swift */; };
		F2762A2E24ED1A4100CB6434 /* MontserratSubrayada-Regular.ttf in Resources */ = {isa = PBXBuildFile; fileRef = F2762A2D24ED1A4100CB6434 /* MontserratSubrayada-Regular.ttf */; };
		F2762A3E24EE949700CB6434 /* FeedViewModel.swift in Sources */ = {isa = PBXBuildFile; fileRef = F2762A3D24EE949700CB6434 /* FeedViewModel.swift */; };
		F278FF6524F28EA4001F27E9 /* UIImagePickerController+Rx.swift in Sources */ = {isa = PBXBuildFile; fileRef = F278FF6424F28EA4001F27E9 /* UIImagePickerController+Rx.swift */; };
		F27A9B1724D0595200960043 /* Intro.storyboard in Resources */ = {isa = PBXBuildFile; fileRef = F27A9B1624D0595200960043 /* Intro.storyboard */; };
		F27A9B2C24D123AB00960043 /* AuthManager.swift in Sources */ = {isa = PBXBuildFile; fileRef = F27A9B2B24D123AB00960043 /* AuthManager.swift */; };
		F27ACAC324D4517600C3A30B /* CoatCodeService.swift in Sources */ = {isa = PBXBuildFile; fileRef = F27ACAC224D4517600C3A30B /* CoatCodeService.swift */; };
		F281DC9E24EA269100DFE1BC /* SocialLoginViewModel.swift in Sources */ = {isa = PBXBuildFile; fileRef = F281DC9D24EA269100DFE1BC /* SocialLoginViewModel.swift */; };
		F2828F9624F0A6E800F14BDB /* CreateProfileViewModel.swift in Sources */ = {isa = PBXBuildFile; fileRef = F2828F9524F0A6E800F14BDB /* CreateProfileViewModel.swift */; };
		F28EE8B524D6F22100D9A9DD /* ActivityIndicator.swift in Sources */ = {isa = PBXBuildFile; fileRef = F28EE8B424D6F22100D9A9DD /* ActivityIndicator.swift */; };
		F29B74342519F96700D7A669 /* PostDetailSection.swift in Sources */ = {isa = PBXBuildFile; fileRef = F29B74332519F96700D7A669 /* PostDetailSection.swift */; };
		F2C0B153251052B500D9DB71 /* FeedCellViewModel.swift in Sources */ = {isa = PBXBuildFile; fileRef = F2C0B152251052B500D9DB71 /* FeedCellViewModel.swift */; };
		F2C90559250CDF7C00B485BA /* BaseTableViewController.swift in Sources */ = {isa = PBXBuildFile; fileRef = F2C90558250CDF7C00B485BA /* BaseTableViewController.swift */; };
		F2C90563250DB71400B485BA /* FeedCell.swift in Sources */ = {isa = PBXBuildFile; fileRef = F2C90561250DB71400B485BA /* FeedCell.swift */; };
		F2C90564250DB71400B485BA /* FeedCell.xib in Resources */ = {isa = PBXBuildFile; fileRef = F2C90562250DB71400B485BA /* FeedCell.xib */; };
		F2D7FCA6251A424D00AB3CEF /* PostDetailCell.swift in Sources */ = {isa = PBXBuildFile; fileRef = F2D7FCA4251A424D00AB3CEF /* PostDetailCell.swift */; };
		F2D7FCA7251A424D00AB3CEF /* PostDetailCell.xib in Resources */ = {isa = PBXBuildFile; fileRef = F2D7FCA5251A424D00AB3CEF /* PostDetailCell.xib */; };
		F2D7FCAB251A42AF00AB3CEF /* CommentCell.swift in Sources */ = {isa = PBXBuildFile; fileRef = F2D7FCA9251A42AF00AB3CEF /* CommentCell.swift */; };
		F2D7FCAC251A42AF00AB3CEF /* CommentCell.xib in Resources */ = {isa = PBXBuildFile; fileRef = F2D7FCAA251A42AF00AB3CEF /* CommentCell.xib */; };
		F2D91C1324DAF27F00D36E17 /* CoatCodeAPI.swift in Sources */ = {isa = PBXBuildFile; fileRef = F2D91C1224DAF27F00D36E17 /* CoatCodeAPI.swift */; };
		F2D91C1624DAF30000D36E17 /* AuthAPI.swift in Sources */ = {isa = PBXBuildFile; fileRef = F2D91C1524DAF30000D36E17 /* AuthAPI.swift */; };
		F2EC1A10250203BA000FC848 /* Feed.storyboard in Resources */ = {isa = PBXBuildFile; fileRef = F2EC1A0F250203BA000FC848 /* Feed.storyboard */; };
		F2EC1A12250204C2000FC848 /* Store.storyboard in Resources */ = {isa = PBXBuildFile; fileRef = F2EC1A11250204C2000FC848 /* Store.storyboard */; };
		F2EC1A14250204EB000FC848 /* Writing.storyboard in Resources */ = {isa = PBXBuildFile; fileRef = F2EC1A13250204EB000FC848 /* Writing.storyboard */; };
		F2EC1A1625020500000FC848 /* Favorites.storyboard in Resources */ = {isa = PBXBuildFile; fileRef = F2EC1A1525020500000FC848 /* Favorites.storyboard */; };
		F2EC1A1825020519000FC848 /* Settings.storyboard in Resources */ = {isa = PBXBuildFile; fileRef = F2EC1A1725020519000FC848 /* Settings.storyboard */; };
		F2EC1A1C250233D7000FC848 /* CustomTabBarViewController.swift in Sources */ = {isa = PBXBuildFile; fileRef = F2EC1A1B250233D7000FC848 /* CustomTabBarViewController.swift */; };
		F2EC1A2525025045000FC848 /* AllFeedViewController.swift in Sources */ = {isa = PBXBuildFile; fileRef = F2EC1A2425025045000FC848 /* AllFeedViewController.swift */; };
		F2EC1A2725025058000FC848 /* FollowFeedViewController.swift in Sources */ = {isa = PBXBuildFile; fileRef = F2EC1A2625025058000FC848 /* FollowFeedViewController.swift */; };
		F2EC1A2925025166000FC848 /* PopularFeedViewController.swift in Sources */ = {isa = PBXBuildFile; fileRef = F2EC1A2825025166000FC848 /* PopularFeedViewController.swift */; };
/* End PBXBuildFile section */

/* Begin PBXFileReference section */
		249176EF3C2590EDDDE35285 /* Pods-CoatCode.debug.xcconfig */ = {isa = PBXFileReference; includeInIndex = 1; lastKnownFileType = text.xcconfig; name = "Pods-CoatCode.debug.xcconfig"; path = "Target Support Files/Pods-CoatCode/Pods-CoatCode.debug.xcconfig"; sourceTree = "<group>"; };
		84E6D3FC4C5AF1E109FEDE98 /* Pods_CoatCode.framework */ = {isa = PBXFileReference; explicitFileType = wrapper.framework; includeInIndex = 0; path = Pods_CoatCode.framework; sourceTree = BUILT_PRODUCTS_DIR; };
		C5AD3DD0458F10859CFB875D /* Pods-CoatCode.release.xcconfig */ = {isa = PBXFileReference; includeInIndex = 1; lastKnownFileType = text.xcconfig; name = "Pods-CoatCode.release.xcconfig"; path = "Target Support Files/Pods-CoatCode/Pods-CoatCode.release.xcconfig"; sourceTree = "<group>"; };
		F205419924F736E8000F932F /* StoreViewModel.swift */ = {isa = PBXFileReference; lastKnownFileType = sourcecode.swift; path = StoreViewModel.swift; sourceTree = "<group>"; };
		F205419B24F736FD000F932F /* WritingViewModel.swift */ = {isa = PBXFileReference; lastKnownFileType = sourcecode.swift; path = WritingViewModel.swift; sourceTree = "<group>"; };
		F205419D24F73715000F932F /* FavoritesViewModel.swift */ = {isa = PBXFileReference; lastKnownFileType = sourcecode.swift; path = FavoritesViewModel.swift; sourceTree = "<group>"; };
		F20541A024F7372F000F932F /* SettingsViewModel.swift */ = {isa = PBXFileReference; lastKnownFileType = sourcecode.swift; path = SettingsViewModel.swift; sourceTree = "<group>"; };
		F20CAA4A24F91699009082B0 /* ProfileResponse.swift */ = {isa = PBXFileReference; lastKnownFileType = sourcecode.swift; path = ProfileResponse.swift; sourceTree = "<group>"; };
		F2153B9224D26A9000BFD08F /* IntroViewController.swift */ = {isa = PBXFileReference; lastKnownFileType = sourcecode.swift; path = IntroViewController.swift; sourceTree = "<group>"; };
		F2153B9424D272A100BFD08F /* SignInViewController.swift */ = {isa = PBXFileReference; lastKnownFileType = sourcecode.swift; path = SignInViewController.swift; sourceTree = "<group>"; };
		F21DF69524DD7B9900F44B96 /* DatabaseManager.swift */ = {isa = PBXFileReference; lastKnownFileType = sourcecode.swift; path = DatabaseManager.swift; sourceTree = "<group>"; };
		F21DF6B424DFA77A00F44B96 /* FeedViewController.swift */ = {isa = PBXFileReference; lastKnownFileType = sourcecode.swift; path = FeedViewController.swift; sourceTree = "<group>"; };
		F21DF6B624DFA78700F44B96 /* StoreViewController.swift */ = {isa = PBXFileReference; lastKnownFileType = sourcecode.swift; path = StoreViewController.swift; sourceTree = "<group>"; };
		F21DF6B824DFA79800F44B96 /* WritingViewController.swift */ = {isa = PBXFileReference; lastKnownFileType = sourcecode.swift; path = WritingViewController.swift; sourceTree = "<group>"; };
		F21DF6BA24DFA7B700F44B96 /* FavoritesViewController.swift */ = {isa = PBXFileReference; lastKnownFileType = sourcecode.swift; path = FavoritesViewController.swift; sourceTree = "<group>"; };
		F21DF6BC24DFA7C300F44B96 /* SettingsViewController.swift */ = {isa = PBXFileReference; lastKnownFileType = sourcecode.swift; path = SettingsViewController.swift; sourceTree = "<group>"; };
		F22D9FEE24FB79EF00CE0F8C /* SwiftMessage.swift */ = {isa = PBXFileReference; lastKnownFileType = sourcecode.swift; path = SwiftMessage.swift; sourceTree = "<group>"; };
		F22D9FF024FB809A00CE0F8C /* BaseViewController.swift */ = {isa = PBXFileReference; lastKnownFileType = sourcecode.swift; path = BaseViewController.swift; sourceTree = "<group>"; };
		F22D9FF224FBBA0400CE0F8C /* BaseViewModel.swift */ = {isa = PBXFileReference; lastKnownFileType = sourcecode.swift; path = BaseViewModel.swift; sourceTree = "<group>"; };
		F231AEEF24A893CB00BA720B /* CoatCode.app */ = {isa = PBXFileReference; explicitFileType = wrapper.application; includeInIndex = 0; path = CoatCode.app; sourceTree = BUILT_PRODUCTS_DIR; };
		F231AEF224A893CB00BA720B /* AppDelegate.swift */ = {isa = PBXFileReference; lastKnownFileType = sourcecode.swift; path = AppDelegate.swift; sourceTree = "<group>"; };
		F231AEFB24A893CD00BA720B /* Assets.xcassets */ = {isa = PBXFileReference; lastKnownFileType = folder.assetcatalog; path = Assets.xcassets; sourceTree = "<group>"; };
		F231AEFE24A893CD00BA720B /* Base */ = {isa = PBXFileReference; lastKnownFileType = file.storyboard; name = Base; path = Base.lproj/LaunchScreen.storyboard; sourceTree = "<group>"; };
		F231AF0024A893CD00BA720B /* Info.plist */ = {isa = PBXFileReference; lastKnownFileType = text.plist.xml; path = Info.plist; sourceTree = "<group>"; };
		F23CE60624DB0BFB00717A3F /* User.swift */ = {isa = PBXFileReference; lastKnownFileType = sourcecode.swift; path = User.swift; sourceTree = "<group>"; };
		F24905D22503526700BD86FF /* ProfileViewController.swift */ = {isa = PBXFileReference; lastKnownFileType = sourcecode.swift; path = ProfileViewController.swift; sourceTree = "<group>"; };
		F24905D42503527700BD86FF /* ProfileViewModel.swift */ = {isa = PBXFileReference; lastKnownFileType = sourcecode.swift; path = ProfileViewModel.swift; sourceTree = "<group>"; };
		F24905D62503550900BD86FF /* Profile.storyboard */ = {isa = PBXFileReference; lastKnownFileType = file.storyboard; path = Profile.storyboard; sourceTree = "<group>"; };
		F24905D82503837100BD86FF /* ImageBarButton.swift */ = {isa = PBXFileReference; lastKnownFileType = sourcecode.swift; path = ImageBarButton.swift; sourceTree = "<group>"; };
		F24905DB2503A93100BD86FF /* SearchViewController.swift */ = {isa = PBXFileReference; lastKnownFileType = sourcecode.swift; path = SearchViewController.swift; sourceTree = "<group>"; };
		F24905DD2503A94600BD86FF /* Search.storyboard */ = {isa = PBXFileReference; lastKnownFileType = file.storyboard; path = Search.storyboard; sourceTree = "<group>"; };
		F24905DF25047C0500BD86FF /* Configs.swift */ = {isa = PBXFileReference; lastKnownFileType = sourcecode.swift; path = Configs.swift; sourceTree = "<group>"; };
		F24E952224E82C27009B06BD /* TabBarFlow.swift */ = {isa = PBXFileReference; lastKnownFileType = sourcecode.swift; path = TabBarFlow.swift; sourceTree = "<group>"; };
		F24E952624E8486F009B06BD /* FeedFlow.swift */ = {isa = PBXFileReference; lastKnownFileType = sourcecode.swift; path = FeedFlow.swift; sourceTree = "<group>"; };
		F24E952824E8487D009B06BD /* StoreFlow.swift */ = {isa = PBXFileReference; lastKnownFileType = sourcecode.swift; path = StoreFlow.swift; sourceTree = "<group>"; };
		F24E952A24E8488A009B06BD /* WritingFlow.swift */ = {isa = PBXFileReference; lastKnownFileType = sourcecode.swift; path = WritingFlow.swift; sourceTree = "<group>"; };
		F24E952C24E8489D009B06BD /* FavoriteFlow.swift */ = {isa = PBXFileReference; lastKnownFileType = sourcecode.swift; path = FavoriteFlow.swift; sourceTree = "<group>"; };
		F24E952E24E848A8009B06BD /* SettingFlow.swift */ = {isa = PBXFileReference; lastKnownFileType = sourcecode.swift; path = SettingFlow.swift; sourceTree = "<group>"; };
		F24E953024E8566E009B06BD /* IntroFlow.swift */ = {isa = PBXFileReference; lastKnownFileType = sourcecode.swift; path = IntroFlow.swift; sourceTree = "<group>"; };
		F251610D2504B40B00932004 /* SearchFlow.swift */ = {isa = PBXFileReference; lastKnownFileType = sourcecode.swift; path = SearchFlow.swift; sourceTree = "<group>"; };
		F251610F2504BAEC00932004 /* SearchViewModel.swift */ = {isa = PBXFileReference; lastKnownFileType = sourcecode.swift; path = SearchViewModel.swift; sourceTree = "<group>"; };
		F25161122504ED1700932004 /* PostDetailViewController.swift */ = {isa = PBXFileReference; lastKnownFileType = sourcecode.swift; path = PostDetailViewController.swift; sourceTree = "<group>"; };
		F25161142504ED3300932004 /* PostDetail.storyboard */ = {isa = PBXFileReference; lastKnownFileType = file.storyboard; path = PostDetail.storyboard; sourceTree = "<group>"; };
		F25161162504F1FF00932004 /* PostDetailViewModel.swift */ = {isa = PBXFileReference; lastKnownFileType = sourcecode.swift; path = PostDetailViewModel.swift; sourceTree = "<group>"; };
		F2516118250638A300932004 /* Post.swift */ = {isa = PBXFileReference; lastKnownFileType = sourcecode.swift; path = Post.swift; sourceTree = "<group>"; };
		F259256524E6906400A09270 /* ViewModelBased.swift */ = {isa = PBXFileReference; lastKnownFileType = sourcecode.swift; path = ViewModelBased.swift; sourceTree = "<group>"; };
		F259256824E692F600A09270 /* AppFlow.swift */ = {isa = PBXFileReference; lastKnownFileType = sourcecode.swift; path = AppFlow.swift; sourceTree = "<group>"; };
		F259256A24E6952300A09270 /* CoatCodeStep.swift */ = {isa = PBXFileReference; lastKnownFileType = sourcecode.swift; path = CoatCodeStep.swift; sourceTree = "<group>"; };
		F264C99624D2878A00CE0251 /* SignInViewModel.swift */ = {isa = PBXFileReference; lastKnownFileType = sourcecode.swift; path = SignInViewModel.swift; sourceTree = "<group>"; };
		F264C9A324D3BA4800CE0251 /* Token.swift */ = {isa = PBXFileReference; lastKnownFileType = sourcecode.swift; path = Token.swift; sourceTree = "<group>"; };
		F264C9AE24D3C7AA00CE0251 /* BaseAPI.swift */ = {isa = PBXFileReference; lastKnownFileType = sourcecode.swift; path = BaseAPI.swift; sourceTree = "<group>"; };
		F264C9B324D3ECD600CE0251 /* BaseService.swift */ = {isa = PBXFileReference; lastKnownFileType = sourcecode.swift; path = BaseService.swift; sourceTree = "<group>"; };
		F264C9B624D3F07400CE0251 /* RequestLoggingPlugin.swift */ = {isa = PBXFileReference; lastKnownFileType = sourcecode.swift; path = RequestLoggingPlugin.swift; sourceTree = "<group>"; };
		F264C9B924D3F12E00CE0251 /* AuthService.swift */ = {isa = PBXFileReference; lastKnownFileType = sourcecode.swift; path = AuthService.swift; sourceTree = "<group>"; };
		F264C9BB24D3F1A700CE0251 /* HandleResponse.swift */ = {isa = PBXFileReference; lastKnownFileType = sourcecode.swift; path = HandleResponse.swift; sourceTree = "<group>"; };
		F265B70524E14EF1008F70A9 /* SignUpViewController.swift */ = {isa = PBXFileReference; lastKnownFileType = sourcecode.swift; path = SignUpViewController.swift; sourceTree = "<group>"; };
		F265B70724E14F8C008F70A9 /* CreateProfileViewController.swift */ = {isa = PBXFileReference; lastKnownFileType = sourcecode.swift; path = CreateProfileViewController.swift; sourceTree = "<group>"; };
		F265B70924E15024008F70A9 /* SocialLoginViewController.swift */ = {isa = PBXFileReference; lastKnownFileType = sourcecode.swift; path = SocialLoginViewController.swift; sourceTree = "<group>"; };
		F2762A2A24EB97C200CB6434 /* SignUpViewModel.swift */ = {isa = PBXFileReference; lastKnownFileType = sourcecode.swift; path = SignUpViewModel.swift; sourceTree = "<group>"; };
		F2762A2D24ED1A4100CB6434 /* MontserratSubrayada-Regular.ttf */ = {isa = PBXFileReference; lastKnownFileType = file; path = "MontserratSubrayada-Regular.ttf"; sourceTree = "<group>"; };
		F2762A3D24EE949700CB6434 /* FeedViewModel.swift */ = {isa = PBXFileReference; lastKnownFileType = sourcecode.swift; path = FeedViewModel.swift; sourceTree = "<group>"; };
		F278FF6424F28EA4001F27E9 /* UIImagePickerController+Rx.swift */ = {isa = PBXFileReference; lastKnownFileType = sourcecode.swift; path = "UIImagePickerController+Rx.swift"; sourceTree = "<group>"; };
		F27A9B1624D0595200960043 /* Intro.storyboard */ = {isa = PBXFileReference; lastKnownFileType = file.storyboard; path = Intro.storyboard; sourceTree = "<group>"; };
		F27A9B2B24D123AB00960043 /* AuthManager.swift */ = {isa = PBXFileReference; lastKnownFileType = sourcecode.swift; path = AuthManager.swift; sourceTree = "<group>"; };
		F27ACAC224D4517600C3A30B /* CoatCodeService.swift */ = {isa = PBXFileReference; lastKnownFileType = sourcecode.swift; path = CoatCodeService.swift; sourceTree = "<group>"; };
		F281DC9D24EA269100DFE1BC /* SocialLoginViewModel.swift */ = {isa = PBXFileReference; lastKnownFileType = sourcecode.swift; path = SocialLoginViewModel.swift; sourceTree = "<group>"; };
		F2828F9524F0A6E800F14BDB /* CreateProfileViewModel.swift */ = {isa = PBXFileReference; lastKnownFileType = sourcecode.swift; path = CreateProfileViewModel.swift; sourceTree = "<group>"; };
		F28EE8B424D6F22100D9A9DD /* ActivityIndicator.swift */ = {isa = PBXFileReference; lastKnownFileType = sourcecode.swift; path = ActivityIndicator.swift; sourceTree = "<group>"; };
		F29B74332519F96700D7A669 /* PostDetailSection.swift */ = {isa = PBXFileReference; lastKnownFileType = sourcecode.swift; path = PostDetailSection.swift; sourceTree = "<group>"; };
		F2C0B152251052B500D9DB71 /* FeedCellViewModel.swift */ = {isa = PBXFileReference; lastKnownFileType = sourcecode.swift; path = FeedCellViewModel.swift; sourceTree = "<group>"; };
		F2C90558250CDF7C00B485BA /* BaseTableViewController.swift */ = {isa = PBXFileReference; lastKnownFileType = sourcecode.swift; path = BaseTableViewController.swift; sourceTree = "<group>"; };
		F2C90561250DB71400B485BA /* FeedCell.swift */ = {isa = PBXFileReference; lastKnownFileType = sourcecode.swift; path = FeedCell.swift; sourceTree = "<group>"; };
		F2C90562250DB71400B485BA /* FeedCell.xib */ = {isa = PBXFileReference; lastKnownFileType = file.xib; path = FeedCell.xib; sourceTree = "<group>"; };
		F2D7FCA4251A424D00AB3CEF /* PostDetailCell.swift */ = {isa = PBXFileReference; lastKnownFileType = sourcecode.swift; path = PostDetailCell.swift; sourceTree = "<group>"; };
		F2D7FCA5251A424D00AB3CEF /* PostDetailCell.xib */ = {isa = PBXFileReference; lastKnownFileType = file.xib; path = PostDetailCell.xib; sourceTree = "<group>"; };
		F2D7FCA9251A42AF00AB3CEF /* CommentCell.swift */ = {isa = PBXFileReference; lastKnownFileType = sourcecode.swift; path = CommentCell.swift; sourceTree = "<group>"; };
		F2D7FCAA251A42AF00AB3CEF /* CommentCell.xib */ = {isa = PBXFileReference; lastKnownFileType = file.xib; path = CommentCell.xib; sourceTree = "<group>"; };
		F2D91C1224DAF27F00D36E17 /* CoatCodeAPI.swift */ = {isa = PBXFileReference; lastKnownFileType = sourcecode.swift; path = CoatCodeAPI.swift; sourceTree = "<group>"; };
		F2D91C1524DAF30000D36E17 /* AuthAPI.swift */ = {isa = PBXFileReference; lastKnownFileType = sourcecode.swift; path = AuthAPI.swift; sourceTree = "<group>"; };
		F2EC1A0F250203BA000FC848 /* Feed.storyboard */ = {isa = PBXFileReference; lastKnownFileType = file.storyboard; path = Feed.storyboard; sourceTree = "<group>"; };
		F2EC1A11250204C2000FC848 /* Store.storyboard */ = {isa = PBXFileReference; lastKnownFileType = file.storyboard; path = Store.storyboard; sourceTree = "<group>"; };
		F2EC1A13250204EB000FC848 /* Writing.storyboard */ = {isa = PBXFileReference; lastKnownFileType = file.storyboard; path = Writing.storyboard; sourceTree = "<group>"; };
		F2EC1A1525020500000FC848 /* Favorites.storyboard */ = {isa = PBXFileReference; lastKnownFileType = file.storyboard; path = Favorites.storyboard; sourceTree = "<group>"; };
		F2EC1A1725020519000FC848 /* Settings.storyboard */ = {isa = PBXFileReference; lastKnownFileType = file.storyboard; path = Settings.storyboard; sourceTree = "<group>"; };
		F2EC1A1B250233D7000FC848 /* CustomTabBarViewController.swift */ = {isa = PBXFileReference; lastKnownFileType = sourcecode.swift; path = CustomTabBarViewController.swift; sourceTree = "<group>"; };
		F2EC1A2425025045000FC848 /* AllFeedViewController.swift */ = {isa = PBXFileReference; lastKnownFileType = sourcecode.swift; path = AllFeedViewController.swift; sourceTree = "<group>"; };
		F2EC1A2625025058000FC848 /* FollowFeedViewController.swift */ = {isa = PBXFileReference; lastKnownFileType = sourcecode.swift; path = FollowFeedViewController.swift; sourceTree = "<group>"; };
		F2EC1A2825025166000FC848 /* PopularFeedViewController.swift */ = {isa = PBXFileReference; lastKnownFileType = sourcecode.swift; path = PopularFeedViewController.swift; sourceTree = "<group>"; };
/* End PBXFileReference section */

/* Begin PBXFrameworksBuildPhase section */
		F231AEEC24A893CB00BA720B /* Frameworks */ = {
			isa = PBXFrameworksBuildPhase;
			buildActionMask = 2147483647;
			files = (
				3FE9012010AFA416A5EBB44B /* Pods_CoatCode.framework in Frameworks */,
			);
			runOnlyForDeploymentPostprocessing = 0;
		};
/* End PBXFrameworksBuildPhase section */

/* Begin PBXGroup section */
		DC51867AD536A4967629BA74 /* Frameworks */ = {
			isa = PBXGroup;
			children = (
				84E6D3FC4C5AF1E109FEDE98 /* Pods_CoatCode.framework */,
			);
			name = Frameworks;
			sourceTree = "<group>";
		};
		F19DEFCC85BA2122904FA01B /* Pods */ = {
			isa = PBXGroup;
			children = (
				249176EF3C2590EDDDE35285 /* Pods-CoatCode.debug.xcconfig */,
				C5AD3DD0458F10859CFB875D /* Pods-CoatCode.release.xcconfig */,
			);
			path = Pods;
			sourceTree = "<group>";
		};
		F21DF69724DF9D3200F44B96 /* MainTabBar */ = {
			isa = PBXGroup;
			children = (
				F21DF69B24DF9EA500F44B96 /* Feed */,
				F21DF69C24DF9EBF00F44B96 /* Store */,
				F21DF69F24DF9EF300F44B96 /* Writing */,
				F21DF69D24DF9ECA00F44B96 /* Favorites */,
				F21DF69E24DF9ED900F44B96 /* Settings */,
			);
			path = MainTabBar;
			sourceTree = "<group>";
		};
		F21DF69B24DF9EA500F44B96 /* Feed */ = {
			isa = PBXGroup;
			children = (
				F2C90560250DB6D200B485BA /* Cell */,
				F2EC1A0F250203BA000FC848 /* Feed.storyboard */,
				F21DF6B424DFA77A00F44B96 /* FeedViewController.swift */,
				F2762A3D24EE949700CB6434 /* FeedViewModel.swift */,
				F2EC1A1F25024FAE000FC848 /* FeedContent */,
			);
			path = Feed;
			sourceTree = "<group>";
		};
		F21DF69C24DF9EBF00F44B96 /* Store */ = {
			isa = PBXGroup;
			children = (
				F2EC1A11250204C2000FC848 /* Store.storyboard */,
				F21DF6B624DFA78700F44B96 /* StoreViewController.swift */,
				F205419924F736E8000F932F /* StoreViewModel.swift */,
			);
			path = Store;
			sourceTree = "<group>";
		};
		F21DF69D24DF9ECA00F44B96 /* Favorites */ = {
			isa = PBXGroup;
			children = (
				F2EC1A1525020500000FC848 /* Favorites.storyboard */,
				F21DF6BA24DFA7B700F44B96 /* FavoritesViewController.swift */,
				F205419D24F73715000F932F /* FavoritesViewModel.swift */,
			);
			path = Favorites;
			sourceTree = "<group>";
		};
		F21DF69E24DF9ED900F44B96 /* Settings */ = {
			isa = PBXGroup;
			children = (
				F2EC1A1725020519000FC848 /* Settings.storyboard */,
				F21DF6BC24DFA7C300F44B96 /* SettingsViewController.swift */,
				F20541A024F7372F000F932F /* SettingsViewModel.swift */,
			);
			path = Settings;
			sourceTree = "<group>";
		};
		F21DF69F24DF9EF300F44B96 /* Writing */ = {
			isa = PBXGroup;
			children = (
				F2EC1A13250204EB000FC848 /* Writing.storyboard */,
				F21DF6B824DFA79800F44B96 /* WritingViewController.swift */,
				F205419B24F736FD000F932F /* WritingViewModel.swift */,
			);
			path = Writing;
			sourceTree = "<group>";
		};
		F231AEE624A893CB00BA720B = {
			isa = PBXGroup;
			children = (
				F231AEF124A893CB00BA720B /* CoatCode */,
				F231AEF024A893CB00BA720B /* Products */,
				F19DEFCC85BA2122904FA01B /* Pods */,
				DC51867AD536A4967629BA74 /* Frameworks */,
			);
			sourceTree = "<group>";
		};
		F231AEF024A893CB00BA720B /* Products */ = {
			isa = PBXGroup;
			children = (
				F231AEEF24A893CB00BA720B /* CoatCode.app */,
			);
			name = Products;
			sourceTree = "<group>";
		};
		F231AEF124A893CB00BA720B /* CoatCode */ = {
			isa = PBXGroup;
			children = (
				F231AEF224A893CB00BA720B /* AppDelegate.swift */,
				F259256724E690F700A09270 /* Flows */,
				F27A9B2524D0FEC400960043 /* Common */,
				F264C9A524D3BABB00CE0251 /* Configs */,
				F264C9A624D3BAD700CE0251 /* Extensions */,
				F264C9A724D3BAF900CE0251 /* Managers */,
				F264C9A824D3BB0900CE0251 /* Models */,
				F2728F8A24D004F900123723 /* Modules */,
				F264C9A924D3BB2100CE0251 /* Networking */,
				F28EE8B224D6F1D500D9A9DD /* Third Party */,
				F27A9B2924D1039B00960043 /* Resources */,
			);
			path = CoatCode;
			sourceTree = "<group>";
		};
		F23CE60824DB0D9900717A3F /* Response */ = {
			isa = PBXGroup;
			children = (
				F2516118250638A300932004 /* Post.swift */,
				F20CAA4A24F91699009082B0 /* ProfileResponse.swift */,
			);
			path = Response;
			sourceTree = "<group>";
		};
		F23CE60924DCDBF400717A3F /* DB */ = {
			isa = PBXGroup;
			children = (
				F23CE60624DB0BFB00717A3F /* User.swift */,
			);
			path = DB;
			sourceTree = "<group>";
		};
		F24905D0250351FF00BD86FF /* Profile */ = {
			isa = PBXGroup;
			children = (
				F24905D62503550900BD86FF /* Profile.storyboard */,
				F24905D22503526700BD86FF /* ProfileViewController.swift */,
				F24905D42503527700BD86FF /* ProfileViewModel.swift */,
			);
			path = Profile;
			sourceTree = "<group>";
		};
		F24905DA2503A8A100BD86FF /* Search */ = {
			isa = PBXGroup;
			children = (
				F24905DD2503A94600BD86FF /* Search.storyboard */,
				F24905DB2503A93100BD86FF /* SearchViewController.swift */,
				F251610F2504BAEC00932004 /* SearchViewModel.swift */,
			);
			path = Search;
			sourceTree = "<group>";
		};
		F24E952424E84847009B06BD /* TabBar */ = {
			isa = PBXGroup;
			children = (
				F24E952224E82C27009B06BD /* TabBarFlow.swift */,
				F24E952624E8486F009B06BD /* FeedFlow.swift */,
				F24E952824E8487D009B06BD /* StoreFlow.swift */,
				F24E952A24E8488A009B06BD /* WritingFlow.swift */,
				F24E952C24E8489D009B06BD /* FavoriteFlow.swift */,
				F24E952E24E848A8009B06BD /* SettingFlow.swift */,
			);
			path = TabBar;
			sourceTree = "<group>";
		};
		F251610C2504B3ED00932004 /* Search */ = {
			isa = PBXGroup;
			children = (
				F251610D2504B40B00932004 /* SearchFlow.swift */,
			);
			path = Search;
			sourceTree = "<group>";
		};
		F25161112504EC8A00932004 /* PostDetail */ = {
			isa = PBXGroup;
			children = (
				F29B74332519F96700D7A669 /* PostDetailSection.swift */,
				F25161142504ED3300932004 /* PostDetail.storyboard */,
				F25161122504ED1700932004 /* PostDetailViewController.swift */,
				F25161162504F1FF00932004 /* PostDetailViewModel.swift */,
				F2D7FCA4251A424D00AB3CEF /* PostDetailCell.swift */,
				F2D7FCA5251A424D00AB3CEF /* PostDetailCell.xib */,
				F2D7FCA9251A42AF00AB3CEF /* CommentCell.swift */,
				F2D7FCAA251A42AF00AB3CEF /* CommentCell.xib */,
			);
			path = PostDetail;
			sourceTree = "<group>";
		};
		F259256724E690F700A09270 /* Flows */ = {
			isa = PBXGroup;
			children = (
				F259256A24E6952300A09270 /* CoatCodeStep.swift */,
				F259256824E692F600A09270 /* AppFlow.swift */,
				F251610C2504B3ED00932004 /* Search */,
				F288AB4A24EA36AE00D8D274 /* Intro */,
				F24E952424E84847009B06BD /* TabBar */,
			);
			path = Flows;
			sourceTree = "<group>";
		};
		F264C9A524D3BABB00CE0251 /* Configs */ = {
			isa = PBXGroup;
			children = (
				F24905DF25047C0500BD86FF /* Configs.swift */,
			);
			path = Configs;
			sourceTree = "<group>";
		};
		F264C9A624D3BAD700CE0251 /* Extensions */ = {
			isa = PBXGroup;
			children = (
				F264C9AA24D3BBC500CE0251 /* Foundation */,
				F264C9AB24D3BBCC00CE0251 /* RxSwift */,
			);
			path = Extensions;
			sourceTree = "<group>";
		};
		F264C9A724D3BAF900CE0251 /* Managers */ = {
			isa = PBXGroup;
			children = (
				F27A9B2B24D123AB00960043 /* AuthManager.swift */,
				F21DF69524DD7B9900F44B96 /* DatabaseManager.swift */,
			);
			path = Managers;
			sourceTree = "<group>";
		};
		F264C9A824D3BB0900CE0251 /* Models */ = {
			isa = PBXGroup;
			children = (
				F23CE60924DCDBF400717A3F /* DB */,
				F23CE60824DB0D9900717A3F /* Response */,
				F264C9A324D3BA4800CE0251 /* Token.swift */,
			);
			path = Models;
			sourceTree = "<group>";
		};
		F264C9A924D3BB2100CE0251 /* Networking */ = {
			isa = PBXGroup;
			children = (
				F2D91C1724DAF3B800D36E17 /* RestAPI */,
				F264C9B524D3F04D00CE0251 /* CustomPlugin */,
			);
			path = Networking;
			sourceTree = "<group>";
		};
		F264C9AA24D3BBC500CE0251 /* Foundation */ = {
			isa = PBXGroup;
			children = (
			);
			path = Foundation;
			sourceTree = "<group>";
		};
		F264C9AB24D3BBCC00CE0251 /* RxSwift */ = {
			isa = PBXGroup;
			children = (
				F278FF6424F28EA4001F27E9 /* UIImagePickerController+Rx.swift */,
			);
			path = RxSwift;
			sourceTree = "<group>";
		};
		F264C9B524D3F04D00CE0251 /* CustomPlugin */ = {
			isa = PBXGroup;
			children = (
				F264C9B624D3F07400CE0251 /* RequestLoggingPlugin.swift */,
			);
			path = CustomPlugin;
			sourceTree = "<group>";
		};
		F265B70424E14B71008F70A9 /* SocialLogin */ = {
			isa = PBXGroup;
			children = (
				F265B70924E15024008F70A9 /* SocialLoginViewController.swift */,
				F281DC9D24EA269100DFE1BC /* SocialLoginViewModel.swift */,
			);
			path = SocialLogin;
			sourceTree = "<group>";
		};
		F2728F8A24D004F900123723 /* Modules */ = {
			isa = PBXGroup;
			children = (
				F27A9B1324D0562800960043 /* Intro */,
				F25161112504EC8A00932004 /* PostDetail */,
				F24905DA2503A8A100BD86FF /* Search */,
				F24905D0250351FF00BD86FF /* Profile */,
				F21DF69724DF9D3200F44B96 /* MainTabBar */,
			);
			path = Modules;
			sourceTree = "<group>";
		};
		F2762A2C24ED19D500CB6434 /* Fonts */ = {
			isa = PBXGroup;
			children = (
				F2762A2D24ED1A4100CB6434 /* MontserratSubrayada-Regular.ttf */,
			);
			name = Fonts;
			sourceTree = "<group>";
		};
		F2788D3924D4170E00BD74D7 /* CoatCodeService */ = {
			isa = PBXGroup;
			children = (
				F27ACAC224D4517600C3A30B /* CoatCodeService.swift */,
				F2D91C1224DAF27F00D36E17 /* CoatCodeAPI.swift */,
			);
			path = CoatCodeService;
			sourceTree = "<group>";
		};
		F27A9B1324D0562800960043 /* Intro */ = {
			isa = PBXGroup;
			children = (
				F27A9B1624D0595200960043 /* Intro.storyboard */,
				F2153B9224D26A9000BFD08F /* IntroViewController.swift */,
				F27A9B1424D0565C00960043 /* SignIn */,
				F27A9B1524D0589300960043 /* SignUp */,
				F265B70424E14B71008F70A9 /* SocialLogin */,
			);
			path = Intro;
			sourceTree = "<group>";
		};
		F27A9B1424D0565C00960043 /* SignIn */ = {
			isa = PBXGroup;
			children = (
				F2153B9424D272A100BFD08F /* SignInViewController.swift */,
				F264C99624D2878A00CE0251 /* SignInViewModel.swift */,
			);
			path = SignIn;
			sourceTree = "<group>";
		};
		F27A9B1524D0589300960043 /* SignUp */ = {
			isa = PBXGroup;
			children = (
				F265B70524E14EF1008F70A9 /* SignUpViewController.swift */,
				F2762A2A24EB97C200CB6434 /* SignUpViewModel.swift */,
				F265B70724E14F8C008F70A9 /* CreateProfileViewController.swift */,
				F2828F9524F0A6E800F14BDB /* CreateProfileViewModel.swift */,
			);
			path = SignUp;
			sourceTree = "<group>";
		};
		F27A9B2524D0FEC400960043 /* Common */ = {
			isa = PBXGroup;
			children = (
				F259256524E6906400A09270 /* ViewModelBased.swift */,
				F22D9FEE24FB79EF00CE0F8C /* SwiftMessage.swift */,
				F22D9FF024FB809A00CE0F8C /* BaseViewController.swift */,
				F22D9FF224FBBA0400CE0F8C /* BaseViewModel.swift */,
				F2EC1A1B250233D7000FC848 /* CustomTabBarViewController.swift */,
				F24905D82503837100BD86FF /* ImageBarButton.swift */,
				F2C90558250CDF7C00B485BA /* BaseTableViewController.swift */,
			);
			path = Common;
			sourceTree = "<group>";
		};
		F27A9B2924D1039B00960043 /* Resources */ = {
			isa = PBXGroup;
			children = (
				F2762A2C24ED19D500CB6434 /* Fonts */,
				F231AF0024A893CD00BA720B /* Info.plist */,
				F231AEFD24A893CD00BA720B /* LaunchScreen.storyboard */,
				F231AEFB24A893CD00BA720B /* Assets.xcassets */,
			);
			name = Resources;
			sourceTree = "<group>";
		};
		F288AB4A24EA36AE00D8D274 /* Intro */ = {
			isa = PBXGroup;
			children = (
				F24E953024E8566E009B06BD /* IntroFlow.swift */,
			);
			path = Intro;
			sourceTree = "<group>";
		};
		F28EE8B224D6F1D500D9A9DD /* Third Party */ = {
			isa = PBXGroup;
			children = (
				F28EE8B324D6F1F200D9A9DD /* RxActivityIndicator */,
			);
			path = "Third Party";
			sourceTree = "<group>";
		};
		F28EE8B324D6F1F200D9A9DD /* RxActivityIndicator */ = {
			isa = PBXGroup;
			children = (
				F28EE8B424D6F22100D9A9DD /* ActivityIndicator.swift */,
			);
			path = RxActivityIndicator;
			sourceTree = "<group>";
		};
		F2C90560250DB6D200B485BA /* Cell */ = {
			isa = PBXGroup;
			children = (
				F2C90562250DB71400B485BA /* FeedCell.xib */,
				F2C90561250DB71400B485BA /* FeedCell.swift */,
				F2C0B152251052B500D9DB71 /* FeedCellViewModel.swift */,
			);
			path = Cell;
			sourceTree = "<group>";
		};
		F2D91C1124DAF17C00D36E17 /* BaseService */ = {
			isa = PBXGroup;
			children = (
				F264C9B324D3ECD600CE0251 /* BaseService.swift */,
				F264C9AE24D3C7AA00CE0251 /* BaseAPI.swift */,
			);
			path = BaseService;
			sourceTree = "<group>";
		};
		F2D91C1424DAF2A100D36E17 /* AuthService */ = {
			isa = PBXGroup;
			children = (
				F264C9B924D3F12E00CE0251 /* AuthService.swift */,
				F2D91C1524DAF30000D36E17 /* AuthAPI.swift */,
				F264C9BB24D3F1A700CE0251 /* HandleResponse.swift */,
			);
			path = AuthService;
			sourceTree = "<group>";
		};
		F2D91C1724DAF3B800D36E17 /* RestAPI */ = {
			isa = PBXGroup;
			children = (
				F2D91C1124DAF17C00D36E17 /* BaseService */,
				F2D91C1424DAF2A100D36E17 /* AuthService */,
				F2788D3924D4170E00BD74D7 /* CoatCodeService */,
			);
			path = RestAPI;
			sourceTree = "<group>";
		};
		F2EC1A1F25024FAE000FC848 /* FeedContent */ = {
			isa = PBXGroup;
			children = (
				F2EC1A2425025045000FC848 /* AllFeedViewController.swift */,
				F2EC1A2625025058000FC848 /* FollowFeedViewController.swift */,
				F2EC1A2825025166000FC848 /* PopularFeedViewController.swift */,
			);
			path = FeedContent;
			sourceTree = "<group>";
		};
/* End PBXGroup section */

/* Begin PBXNativeTarget section */
		F231AEEE24A893CB00BA720B /* CoatCode */ = {
			isa = PBXNativeTarget;
			buildConfigurationList = F231AF0324A893CD00BA720B /* Build configuration list for PBXNativeTarget "CoatCode" */;
			buildPhases = (
				2B532230BCB02003F1C35B73 /* [CP] Check Pods Manifest.lock */,
				F231AEEB24A893CB00BA720B /* Sources */,
				F231AEEC24A893CB00BA720B /* Frameworks */,
				F231AEED24A893CB00BA720B /* Resources */,
				15E53298F3E76C989AB0CA3B /* [CP] Embed Pods Frameworks */,
			);
			buildRules = (
			);
			dependencies = (
			);
			name = CoatCode;
			productName = CoatCode;
			productReference = F231AEEF24A893CB00BA720B /* CoatCode.app */;
			productType = "com.apple.product-type.application";
		};
/* End PBXNativeTarget section */

/* Begin PBXProject section */
		F231AEE724A893CB00BA720B /* Project object */ = {
			isa = PBXProject;
			attributes = {
				LastSwiftUpdateCheck = 1150;
				LastUpgradeCheck = 1150;
				ORGANIZATIONNAME = MinseokKang;
				TargetAttributes = {
					F231AEEE24A893CB00BA720B = {
						CreatedOnToolsVersion = 11.5;
					};
				};
			};
			buildConfigurationList = F231AEEA24A893CB00BA720B /* Build configuration list for PBXProject "CoatCode" */;
			compatibilityVersion = "Xcode 9.3";
			developmentRegion = en;
			hasScannedForEncodings = 0;
			knownRegions = (
				en,
				Base,
			);
			mainGroup = F231AEE624A893CB00BA720B;
			productRefGroup = F231AEF024A893CB00BA720B /* Products */;
			projectDirPath = "";
			projectRoot = "";
			targets = (
				F231AEEE24A893CB00BA720B /* CoatCode */,
			);
		};
/* End PBXProject section */

/* Begin PBXResourcesBuildPhase section */
		F231AEED24A893CB00BA720B /* Resources */ = {
			isa = PBXResourcesBuildPhase;
			buildActionMask = 2147483647;
			files = (
				F2D7FCAC251A42AF00AB3CEF /* CommentCell.xib in Resources */,
				F231AEFF24A893CD00BA720B /* LaunchScreen.storyboard in Resources */,
				F25161152504ED3300932004 /* PostDetail.storyboard in Resources */,
				F231AEFC24A893CD00BA720B /* Assets.xcassets in Resources */,
				F24905D72503550900BD86FF /* Profile.storyboard in Resources */,
				F2D7FCA7251A424D00AB3CEF /* PostDetailCell.xib in Resources */,
				F2EC1A1625020500000FC848 /* Favorites.storyboard in Resources */,
				F2EC1A10250203BA000FC848 /* Feed.storyboard in Resources */,
				F27A9B1724D0595200960043 /* Intro.storyboard in Resources */,
				F2762A2E24ED1A4100CB6434 /* MontserratSubrayada-Regular.ttf in Resources */,
				F24905DE2503A94600BD86FF /* Search.storyboard in Resources */,
				F2EC1A14250204EB000FC848 /* Writing.storyboard in Resources */,
				F2C90564250DB71400B485BA /* FeedCell.xib in Resources */,
				F2EC1A12250204C2000FC848 /* Store.storyboard in Resources */,
				F2EC1A1825020519000FC848 /* Settings.storyboard in Resources */,
			);
			runOnlyForDeploymentPostprocessing = 0;
		};
/* End PBXResourcesBuildPhase section */

/* Begin PBXShellScriptBuildPhase section */
		15E53298F3E76C989AB0CA3B /* [CP] Embed Pods Frameworks */ = {
			isa = PBXShellScriptBuildPhase;
			buildActionMask = 2147483647;
			files = (
			);
			inputFileListPaths = (
				"${PODS_ROOT}/Target Support Files/Pods-CoatCode/Pods-CoatCode-frameworks-${CONFIGURATION}-input-files.xcfilelist",
			);
			name = "[CP] Embed Pods Frameworks";
			outputFileListPaths = (
				"${PODS_ROOT}/Target Support Files/Pods-CoatCode/Pods-CoatCode-frameworks-${CONFIGURATION}-output-files.xcfilelist",
			);
			runOnlyForDeploymentPostprocessing = 0;
			shellPath = /bin/sh;
			shellScript = "\"${PODS_ROOT}/Target Support Files/Pods-CoatCode/Pods-CoatCode-frameworks.sh\"\n";
			showEnvVarsInLog = 0;
		};
		2B532230BCB02003F1C35B73 /* [CP] Check Pods Manifest.lock */ = {
			isa = PBXShellScriptBuildPhase;
			buildActionMask = 2147483647;
			files = (
			);
			inputFileListPaths = (
			);
			inputPaths = (
				"${PODS_PODFILE_DIR_PATH}/Podfile.lock",
				"${PODS_ROOT}/Manifest.lock",
			);
			name = "[CP] Check Pods Manifest.lock";
			outputFileListPaths = (
			);
			outputPaths = (
				"$(DERIVED_FILE_DIR)/Pods-CoatCode-checkManifestLockResult.txt",
			);
			runOnlyForDeploymentPostprocessing = 0;
			shellPath = /bin/sh;
			shellScript = "diff \"${PODS_PODFILE_DIR_PATH}/Podfile.lock\" \"${PODS_ROOT}/Manifest.lock\" > /dev/null\nif [ $? != 0 ] ; then\n    # print error to STDERR\n    echo \"error: The sandbox is not in sync with the Podfile.lock. Run 'pod install' or update your CocoaPods installation.\" >&2\n    exit 1\nfi\n# This output is used by Xcode 'outputs' to avoid re-running this script phase.\necho \"SUCCESS\" > \"${SCRIPT_OUTPUT_FILE_0}\"\n";
			showEnvVarsInLog = 0;
		};
/* End PBXShellScriptBuildPhase section */

/* Begin PBXSourcesBuildPhase section */
		F231AEEB24A893CB00BA720B /* Sources */ = {
			isa = PBXSourcesBuildPhase;
			buildActionMask = 2147483647;
			files = (
				F23CE60724DB0BFB00717A3F /* User.swift in Sources */,
				F231AEF324A893CB00BA720B /* AppDelegate.swift in Sources */,
				F2762A2B24EB97C200CB6434 /* SignUpViewModel.swift in Sources */,
				F2EC1A2525025045000FC848 /* AllFeedViewController.swift in Sources */,
				F22D9FF124FB809A00CE0F8C /* BaseViewController.swift in Sources */,
				F20CAA4B24F91699009082B0 /* ProfileResponse.swift in Sources */,
				F24905D32503526700BD86FF /* ProfileViewController.swift in Sources */,
				F2153B9324D26A9000BFD08F /* IntroViewController.swift in Sources */,
				F264C9B724D3F07400CE0251 /* RequestLoggingPlugin.swift in Sources */,
				F2762A3E24EE949700CB6434 /* FeedViewModel.swift in Sources */,
				F264C9BC24D3F1A700CE0251 /* HandleResponse.swift in Sources */,
				F259256624E6906400A09270 /* ViewModelBased.swift in Sources */,
				F2D91C1324DAF27F00D36E17 /* CoatCodeAPI.swift in Sources */,
				F259256924E692F600A09270 /* AppFlow.swift in Sources */,
				F259256B24E6952300A09270 /* CoatCodeStep.swift in Sources */,
				F2153B9524D272A100BFD08F /* SignInViewController.swift in Sources */,
				F2C0B153251052B500D9DB71 /* FeedCellViewModel.swift in Sources */,
				F22D9FEF24FB79EF00CE0F8C /* SwiftMessage.swift in Sources */,
				F21DF6B724DFA78700F44B96 /* StoreViewController.swift in Sources */,
				F2C90563250DB71400B485BA /* FeedCell.swift in Sources */,
				F20541A124F7372F000F932F /* SettingsViewModel.swift in Sources */,
				F264C9B424D3ECD600CE0251 /* BaseService.swift in Sources */,
				F264C99724D2878A00CE0251 /* SignInViewModel.swift in Sources */,
				F2EC1A2725025058000FC848 /* FollowFeedViewController.swift in Sources */,
				F265B70824E14F8C008F70A9 /* CreateProfileViewController.swift in Sources */,
				F28EE8B524D6F22100D9A9DD /* ActivityIndicator.swift in Sources */,
				F24E952D24E8489D009B06BD /* FavoriteFlow.swift in Sources */,
				F24E952324E82C27009B06BD /* TabBarFlow.swift in Sources */,
				F264C9BA24D3F12E00CE0251 /* AuthService.swift in Sources */,
				F2D91C1624DAF30000D36E17 /* AuthAPI.swift in Sources */,
				F24905D52503527700BD86FF /* ProfileViewModel.swift in Sources */,
				F25161172504F1FF00932004 /* PostDetailViewModel.swift in Sources */,
				F281DC9E24EA269100DFE1BC /* SocialLoginViewModel.swift in Sources */,
				F278FF6524F28EA4001F27E9 /* UIImagePickerController+Rx.swift in Sources */,
				F21DF6B524DFA77A00F44B96 /* FeedViewController.swift in Sources */,
				F22D9FF324FBBA0400CE0F8C /* BaseViewModel.swift in Sources */,
				F2828F9624F0A6E800F14BDB /* CreateProfileViewModel.swift in Sources */,
				F2EC1A2925025166000FC848 /* PopularFeedViewController.swift in Sources */,
				F27A9B2C24D123AB00960043 /* AuthManager.swift in Sources */,
				F265B70A24E15024008F70A9 /* SocialLoginViewController.swift in Sources */,
				F25161132504ED1700932004 /* PostDetailViewController.swift in Sources */,
				F251610E2504B40B00932004 /* SearchFlow.swift in Sources */,
				F264C9A424D3BA4800CE0251 /* Token.swift in Sources */,
				F2D7FCAB251A42AF00AB3CEF /* CommentCell.swift in Sources */,
				F24905D92503837100BD86FF /* ImageBarButton.swift in Sources */,
				F205419E24F73715000F932F /* FavoritesViewModel.swift in Sources */,
				F24E953124E8566E009B06BD /* IntroFlow.swift in Sources */,
				F21DF6B924DFA79800F44B96 /* WritingViewController.swift in Sources */,
				F2C90559250CDF7C00B485BA /* BaseTableViewController.swift in Sources */,
				F21DF6BB24DFA7B700F44B96 /* FavoritesViewController.swift in Sources */,
				F205419C24F736FD000F932F /* WritingViewModel.swift in Sources */,
				F205419A24F736E8000F932F /* StoreViewModel.swift in Sources */,
				F264C9AF24D3C7AA00CE0251 /* BaseAPI.swift in Sources */,
				F24E952F24E848A8009B06BD /* SettingFlow.swift in Sources */,
				F21DF6BD24DFA7C300F44B96 /* SettingsViewController.swift in Sources */,
				F2516119250638A300932004 /* Post.swift in Sources */,
				F24E952924E8487D009B06BD /* StoreFlow.swift in Sources */,
				F27ACAC324D4517600C3A30B /* CoatCodeService.swift in Sources */,
				F24905DC2503A93100BD86FF /* SearchViewController.swift in Sources */,
				F24E952B24E8488A009B06BD /* WritingFlow.swift in Sources */,
				F2EC1A1C250233D7000FC848 /* CustomTabBarViewController.swift in Sources */,
				F24E952724E8486F009B06BD /* FeedFlow.swift in Sources */,
				F2D7FCA6251A424D00AB3CEF /* PostDetailCell.swift in Sources */,
				F21DF69624DD7B9900F44B96 /* DatabaseManager.swift in Sources */,
				F265B70624E14EF1008F70A9 /* SignUpViewController.swift in Sources */,
				F24905E025047C0500BD86FF /* Configs.swift in Sources */,
				F29B74342519F96700D7A669 /* PostDetailSection.swift in Sources */,
				F25161102504BAEC00932004 /* SearchViewModel.swift in Sources */,
			);
			runOnlyForDeploymentPostprocessing = 0;
		};
/* End PBXSourcesBuildPhase section */

/* Begin PBXVariantGroup section */
		F231AEFD24A893CD00BA720B /* LaunchScreen.storyboard */ = {
			isa = PBXVariantGroup;
			children = (
				F231AEFE24A893CD00BA720B /* Base */,
			);
			name = LaunchScreen.storyboard;
			sourceTree = "<group>";
		};
/* End PBXVariantGroup section */

/* Begin XCBuildConfiguration section */
		F231AF0124A893CD00BA720B /* Debug */ = {
			isa = XCBuildConfiguration;
			buildSettings = {
				ALWAYS_SEARCH_USER_PATHS = NO;
				CLANG_ANALYZER_NONNULL = YES;
				CLANG_ANALYZER_NUMBER_OBJECT_CONVERSION = YES_AGGRESSIVE;
				CLANG_CXX_LANGUAGE_STANDARD = "gnu++14";
				CLANG_CXX_LIBRARY = "libc++";
				CLANG_ENABLE_MODULES = YES;
				CLANG_ENABLE_OBJC_ARC = YES;
				CLANG_ENABLE_OBJC_WEAK = YES;
				CLANG_WARN_BLOCK_CAPTURE_AUTORELEASING = YES;
				CLANG_WARN_BOOL_CONVERSION = YES;
				CLANG_WARN_COMMA = YES;
				CLANG_WARN_CONSTANT_CONVERSION = YES;
				CLANG_WARN_DEPRECATED_OBJC_IMPLEMENTATIONS = YES;
				CLANG_WARN_DIRECT_OBJC_ISA_USAGE = YES_ERROR;
				CLANG_WARN_DOCUMENTATION_COMMENTS = YES;
				CLANG_WARN_EMPTY_BODY = YES;
				CLANG_WARN_ENUM_CONVERSION = YES;
				CLANG_WARN_INFINITE_RECURSION = YES;
				CLANG_WARN_INT_CONVERSION = YES;
				CLANG_WARN_NON_LITERAL_NULL_CONVERSION = YES;
				CLANG_WARN_OBJC_IMPLICIT_RETAIN_SELF = YES;
				CLANG_WARN_OBJC_LITERAL_CONVERSION = YES;
				CLANG_WARN_OBJC_ROOT_CLASS = YES_ERROR;
				CLANG_WARN_RANGE_LOOP_ANALYSIS = YES;
				CLANG_WARN_STRICT_PROTOTYPES = YES;
				CLANG_WARN_SUSPICIOUS_MOVE = YES;
				CLANG_WARN_UNGUARDED_AVAILABILITY = YES_AGGRESSIVE;
				CLANG_WARN_UNREACHABLE_CODE = YES;
				CLANG_WARN__DUPLICATE_METHOD_MATCH = YES;
				COPY_PHASE_STRIP = NO;
				DEBUG_INFORMATION_FORMAT = dwarf;
				ENABLE_STRICT_OBJC_MSGSEND = YES;
				ENABLE_TESTABILITY = YES;
				GCC_C_LANGUAGE_STANDARD = gnu11;
				GCC_DYNAMIC_NO_PIC = NO;
				GCC_NO_COMMON_BLOCKS = YES;
				GCC_OPTIMIZATION_LEVEL = 0;
				GCC_PREPROCESSOR_DEFINITIONS = (
					"DEBUG=1",
					"$(inherited)",
				);
				GCC_WARN_64_TO_32_BIT_CONVERSION = YES;
				GCC_WARN_ABOUT_RETURN_TYPE = YES_ERROR;
				GCC_WARN_UNDECLARED_SELECTOR = YES;
				GCC_WARN_UNINITIALIZED_AUTOS = YES_AGGRESSIVE;
				GCC_WARN_UNUSED_FUNCTION = YES;
				GCC_WARN_UNUSED_VARIABLE = YES;
				IPHONEOS_DEPLOYMENT_TARGET = 11.2;
				MTL_ENABLE_DEBUG_INFO = INCLUDE_SOURCE;
				MTL_FAST_MATH = YES;
				ONLY_ACTIVE_ARCH = YES;
				SDKROOT = iphoneos;
				SWIFT_ACTIVE_COMPILATION_CONDITIONS = DEBUG;
				SWIFT_OPTIMIZATION_LEVEL = "-Onone";
			};
			name = Debug;
		};
		F231AF0224A893CD00BA720B /* Release */ = {
			isa = XCBuildConfiguration;
			buildSettings = {
				ALWAYS_SEARCH_USER_PATHS = NO;
				CLANG_ANALYZER_NONNULL = YES;
				CLANG_ANALYZER_NUMBER_OBJECT_CONVERSION = YES_AGGRESSIVE;
				CLANG_CXX_LANGUAGE_STANDARD = "gnu++14";
				CLANG_CXX_LIBRARY = "libc++";
				CLANG_ENABLE_MODULES = YES;
				CLANG_ENABLE_OBJC_ARC = YES;
				CLANG_ENABLE_OBJC_WEAK = YES;
				CLANG_WARN_BLOCK_CAPTURE_AUTORELEASING = YES;
				CLANG_WARN_BOOL_CONVERSION = YES;
				CLANG_WARN_COMMA = YES;
				CLANG_WARN_CONSTANT_CONVERSION = YES;
				CLANG_WARN_DEPRECATED_OBJC_IMPLEMENTATIONS = YES;
				CLANG_WARN_DIRECT_OBJC_ISA_USAGE = YES_ERROR;
				CLANG_WARN_DOCUMENTATION_COMMENTS = YES;
				CLANG_WARN_EMPTY_BODY = YES;
				CLANG_WARN_ENUM_CONVERSION = YES;
				CLANG_WARN_INFINITE_RECURSION = YES;
				CLANG_WARN_INT_CONVERSION = YES;
				CLANG_WARN_NON_LITERAL_NULL_CONVERSION = YES;
				CLANG_WARN_OBJC_IMPLICIT_RETAIN_SELF = YES;
				CLANG_WARN_OBJC_LITERAL_CONVERSION = YES;
				CLANG_WARN_OBJC_ROOT_CLASS = YES_ERROR;
				CLANG_WARN_RANGE_LOOP_ANALYSIS = YES;
				CLANG_WARN_STRICT_PROTOTYPES = YES;
				CLANG_WARN_SUSPICIOUS_MOVE = YES;
				CLANG_WARN_UNGUARDED_AVAILABILITY = YES_AGGRESSIVE;
				CLANG_WARN_UNREACHABLE_CODE = YES;
				CLANG_WARN__DUPLICATE_METHOD_MATCH = YES;
				COPY_PHASE_STRIP = NO;
				DEBUG_INFORMATION_FORMAT = "dwarf-with-dsym";
				ENABLE_NS_ASSERTIONS = NO;
				ENABLE_STRICT_OBJC_MSGSEND = YES;
				GCC_C_LANGUAGE_STANDARD = gnu11;
				GCC_NO_COMMON_BLOCKS = YES;
				GCC_WARN_64_TO_32_BIT_CONVERSION = YES;
				GCC_WARN_ABOUT_RETURN_TYPE = YES_ERROR;
				GCC_WARN_UNDECLARED_SELECTOR = YES;
				GCC_WARN_UNINITIALIZED_AUTOS = YES_AGGRESSIVE;
				GCC_WARN_UNUSED_FUNCTION = YES;
				GCC_WARN_UNUSED_VARIABLE = YES;
				IPHONEOS_DEPLOYMENT_TARGET = 11.2;
				MTL_ENABLE_DEBUG_INFO = NO;
				MTL_FAST_MATH = YES;
				SDKROOT = iphoneos;
				SWIFT_COMPILATION_MODE = wholemodule;
				SWIFT_OPTIMIZATION_LEVEL = "-O";
				VALIDATE_PRODUCT = YES;
			};
			name = Release;
		};
		F231AF0424A893CD00BA720B /* Debug */ = {
			isa = XCBuildConfiguration;
			baseConfigurationReference = 249176EF3C2590EDDDE35285 /* Pods-CoatCode.debug.xcconfig */;
			buildSettings = {
				ASSETCATALOG_COMPILER_APPICON_NAME = AppIcon;
				CODE_SIGN_STYLE = Automatic;
				DEVELOPMENT_TEAM = 75FNRKTJ9S;
				INFOPLIST_FILE = CoatCode/Info.plist;
				LD_RUNPATH_SEARCH_PATHS = (
					"$(inherited)",
					"@executable_path/Frameworks",
				);
				PRODUCT_BUNDLE_IDENTIFIER = "com.tistory.axe-num1.CoatCode";
				PRODUCT_NAME = "$(TARGET_NAME)";
				SWIFT_VERSION = 5.0;
				TARGETED_DEVICE_FAMILY = "1,2";
			};
			name = Debug;
		};
		F231AF0524A893CD00BA720B /* Release */ = {
			isa = XCBuildConfiguration;
			baseConfigurationReference = C5AD3DD0458F10859CFB875D /* Pods-CoatCode.release.xcconfig */;
			buildSettings = {
				ASSETCATALOG_COMPILER_APPICON_NAME = AppIcon;
				CODE_SIGN_STYLE = Automatic;
				DEVELOPMENT_TEAM = 75FNRKTJ9S;
				INFOPLIST_FILE = CoatCode/Info.plist;
				LD_RUNPATH_SEARCH_PATHS = (
					"$(inherited)",
					"@executable_path/Frameworks",
				);
				PRODUCT_BUNDLE_IDENTIFIER = "com.tistory.axe-num1.CoatCode";
				PRODUCT_NAME = "$(TARGET_NAME)";
				SWIFT_VERSION = 5.0;
				TARGETED_DEVICE_FAMILY = "1,2";
			};
			name = Release;
		};
/* End XCBuildConfiguration section */

/* Begin XCConfigurationList section */
		F231AEEA24A893CB00BA720B /* Build configuration list for PBXProject "CoatCode" */ = {
			isa = XCConfigurationList;
			buildConfigurations = (
				F231AF0124A893CD00BA720B /* Debug */,
				F231AF0224A893CD00BA720B /* Release */,
			);
			defaultConfigurationIsVisible = 0;
			defaultConfigurationName = Release;
		};
		F231AF0324A893CD00BA720B /* Build configuration list for PBXNativeTarget "CoatCode" */ = {
			isa = XCConfigurationList;
			buildConfigurations = (
				F231AF0424A893CD00BA720B /* Debug */,
				F231AF0524A893CD00BA720B /* Release */,
			);
			defaultConfigurationIsVisible = 0;
			defaultConfigurationName = Release;
		};
/* End XCConfigurationList section */
	};
	rootObject = F231AEE724A893CB00BA720B /* Project object */;
}
