// !$*UTF8*$!
{
	archiveVersion = 1;
	classes = {
	};
	objectVersion = 51;
	objects = {

/* Begin PBXBuildFile section */
		3FE9012010AFA416A5EBB44B /* Pods_CoatCode.framework in Frameworks */ = {isa = PBXBuildFile; fileRef = 84E6D3FC4C5AF1E109FEDE98 /* Pods_CoatCode.framework */; };
		F2153B9124D269F500BFD08F /* IntroCoordinator.swift in Sources */ = {isa = PBXBuildFile; fileRef = F2153B9024D269F500BFD08F /* IntroCoordinator.swift */; };
		F2153B9324D26A9000BFD08F /* IntroViewController.swift in Sources */ = {isa = PBXBuildFile; fileRef = F2153B9224D26A9000BFD08F /* IntroViewController.swift */; };
		F2153B9524D272A100BFD08F /* SignInViewController.swift in Sources */ = {isa = PBXBuildFile; fileRef = F2153B9424D272A100BFD08F /* SignInViewController.swift */; };
		F231AEF324A893CB00BA720B /* AppDelegate.swift in Sources */ = {isa = PBXBuildFile; fileRef = F231AEF224A893CB00BA720B /* AppDelegate.swift */; };
		F231AEFC24A893CD00BA720B /* Assets.xcassets in Resources */ = {isa = PBXBuildFile; fileRef = F231AEFB24A893CD00BA720B /* Assets.xcassets */; };
		F231AEFF24A893CD00BA720B /* LaunchScreen.storyboard in Resources */ = {isa = PBXBuildFile; fileRef = F231AEFD24A893CD00BA720B /* LaunchScreen.storyboard */; };
		F264C98F24D2775500CE0251 /* SignupInputViewController.swift in Sources */ = {isa = PBXBuildFile; fileRef = F264C98E24D2775500CE0251 /* SignupInputViewController.swift */; };
		F264C99124D2779D00CE0251 /* EmailCodeViewController.swift in Sources */ = {isa = PBXBuildFile; fileRef = F264C99024D2779D00CE0251 /* EmailCodeViewController.swift */; };
		F264C99324D2834D00CE0251 /* SetProfileViewController.swift in Sources */ = {isa = PBXBuildFile; fileRef = F264C99224D2834D00CE0251 /* SetProfileViewController.swift */; };
		F264C99524D2844E00CE0251 /* SocialLoginViewController.swift in Sources */ = {isa = PBXBuildFile; fileRef = F264C99424D2844E00CE0251 /* SocialLoginViewController.swift */; };
		F264C99724D2878A00CE0251 /* SignInViewModel.swift in Sources */ = {isa = PBXBuildFile; fileRef = F264C99624D2878A00CE0251 /* SignInViewModel.swift */; };
		F264C99924D288C000CE0251 /* IntroViewModel.swift in Sources */ = {isa = PBXBuildFile; fileRef = F264C99824D288C000CE0251 /* IntroViewModel.swift */; };
		F264C99B24D2EC1400CE0251 /* AppCoordinator.swift in Sources */ = {isa = PBXBuildFile; fileRef = F264C99A24D2EC1400CE0251 /* AppCoordinator.swift */; };
		F264C99E24D3B68D00CE0251 /* User.swift in Sources */ = {isa = PBXBuildFile; fileRef = F264C99D24D3B68D00CE0251 /* User.swift */; };
		F264C9A024D3B77B00CE0251 /* ResponseProtocol.swift in Sources */ = {isa = PBXBuildFile; fileRef = F264C99F24D3B77B00CE0251 /* ResponseProtocol.swift */; };
		F264C9A424D3BA4800CE0251 /* Token.swift in Sources */ = {isa = PBXBuildFile; fileRef = F264C9A324D3BA4800CE0251 /* Token.swift */; };
		F264C9AF24D3C7AA00CE0251 /* BaseAPI.swift in Sources */ = {isa = PBXBuildFile; fileRef = F264C9AE24D3C7AA00CE0251 /* BaseAPI.swift */; };
		F264C9B424D3ECD600CE0251 /* BaseService.swift in Sources */ = {isa = PBXBuildFile; fileRef = F264C9B324D3ECD600CE0251 /* BaseService.swift */; };
		F264C9B724D3F07400CE0251 /* RequestLoggingPlugin.swift in Sources */ = {isa = PBXBuildFile; fileRef = F264C9B624D3F07400CE0251 /* RequestLoggingPlugin.swift */; };
		F264C9BA24D3F12E00CE0251 /* AuthService.swift in Sources */ = {isa = PBXBuildFile; fileRef = F264C9B924D3F12E00CE0251 /* AuthService.swift */; };
		F264C9BC24D3F1A700CE0251 /* HandleResponse.swift in Sources */ = {isa = PBXBuildFile; fileRef = F264C9BB24D3F1A700CE0251 /* HandleResponse.swift */; };
		F27A9B1724D0595200960043 /* Intro.storyboard in Resources */ = {isa = PBXBuildFile; fileRef = F27A9B1624D0595200960043 /* Intro.storyboard */; };
		F27A9B2824D0FEEE00960043 /* ViewModelType.swift in Sources */ = {isa = PBXBuildFile; fileRef = F27A9B2724D0FEEE00960043 /* ViewModelType.swift */; };
		F27A9B2C24D123AB00960043 /* AuthManager.swift in Sources */ = {isa = PBXBuildFile; fileRef = F27A9B2B24D123AB00960043 /* AuthManager.swift */; };
		F27ACAC324D4517600C3A30B /* CoatCodeService.swift in Sources */ = {isa = PBXBuildFile; fileRef = F27ACAC224D4517600C3A30B /* CoatCodeService.swift */; };
		F28EE8B524D6F22100D9A9DD /* ActivityIndicator.swift in Sources */ = {isa = PBXBuildFile; fileRef = F28EE8B424D6F22100D9A9DD /* ActivityIndicator.swift */; };
		F2D91C1324DAF27F00D36E17 /* CoatCodeAPI.swift in Sources */ = {isa = PBXBuildFile; fileRef = F2D91C1224DAF27F00D36E17 /* CoatCodeAPI.swift */; };
		F2D91C1624DAF30000D36E17 /* AuthAPI.swift in Sources */ = {isa = PBXBuildFile; fileRef = F2D91C1524DAF30000D36E17 /* AuthAPI.swift */; };
/* End PBXBuildFile section */

/* Begin PBXFileReference section */
		249176EF3C2590EDDDE35285 /* Pods-CoatCode.debug.xcconfig */ = {isa = PBXFileReference; includeInIndex = 1; lastKnownFileType = text.xcconfig; name = "Pods-CoatCode.debug.xcconfig"; path = "Target Support Files/Pods-CoatCode/Pods-CoatCode.debug.xcconfig"; sourceTree = "<group>"; };
		84E6D3FC4C5AF1E109FEDE98 /* Pods_CoatCode.framework */ = {isa = PBXFileReference; explicitFileType = wrapper.framework; includeInIndex = 0; path = Pods_CoatCode.framework; sourceTree = BUILT_PRODUCTS_DIR; };
		C5AD3DD0458F10859CFB875D /* Pods-CoatCode.release.xcconfig */ = {isa = PBXFileReference; includeInIndex = 1; lastKnownFileType = text.xcconfig; name = "Pods-CoatCode.release.xcconfig"; path = "Target Support Files/Pods-CoatCode/Pods-CoatCode.release.xcconfig"; sourceTree = "<group>"; };
		F2153B9024D269F500BFD08F /* IntroCoordinator.swift */ = {isa = PBXFileReference; lastKnownFileType = sourcecode.swift; path = IntroCoordinator.swift; sourceTree = "<group>"; };
		F2153B9224D26A9000BFD08F /* IntroViewController.swift */ = {isa = PBXFileReference; lastKnownFileType = sourcecode.swift; path = IntroViewController.swift; sourceTree = "<group>"; };
		F2153B9424D272A100BFD08F /* SignInViewController.swift */ = {isa = PBXFileReference; lastKnownFileType = sourcecode.swift; path = SignInViewController.swift; sourceTree = "<group>"; };
		F231AEEF24A893CB00BA720B /* CoatCode.app */ = {isa = PBXFileReference; explicitFileType = wrapper.application; includeInIndex = 0; path = CoatCode.app; sourceTree = BUILT_PRODUCTS_DIR; };
		F231AEF224A893CB00BA720B /* AppDelegate.swift */ = {isa = PBXFileReference; lastKnownFileType = sourcecode.swift; path = AppDelegate.swift; sourceTree = "<group>"; };
		F231AEFB24A893CD00BA720B /* Assets.xcassets */ = {isa = PBXFileReference; lastKnownFileType = folder.assetcatalog; path = Assets.xcassets; sourceTree = "<group>"; };
		F231AEFE24A893CD00BA720B /* Base */ = {isa = PBXFileReference; lastKnownFileType = file.storyboard; name = Base; path = Base.lproj/LaunchScreen.storyboard; sourceTree = "<group>"; };
		F231AF0024A893CD00BA720B /* Info.plist */ = {isa = PBXFileReference; lastKnownFileType = text.plist.xml; path = Info.plist; sourceTree = "<group>"; };
		F264C98E24D2775500CE0251 /* SignupInputViewController.swift */ = {isa = PBXFileReference; lastKnownFileType = sourcecode.swift; path = SignupInputViewController.swift; sourceTree = "<group>"; };
		F264C99024D2779D00CE0251 /* EmailCodeViewController.swift */ = {isa = PBXFileReference; lastKnownFileType = sourcecode.swift; path = EmailCodeViewController.swift; sourceTree = "<group>"; };
		F264C99224D2834D00CE0251 /* SetProfileViewController.swift */ = {isa = PBXFileReference; lastKnownFileType = sourcecode.swift; path = SetProfileViewController.swift; sourceTree = "<group>"; };
		F264C99424D2844E00CE0251 /* SocialLoginViewController.swift */ = {isa = PBXFileReference; lastKnownFileType = sourcecode.swift; path = SocialLoginViewController.swift; sourceTree = "<group>"; };
		F264C99624D2878A00CE0251 /* SignInViewModel.swift */ = {isa = PBXFileReference; lastKnownFileType = sourcecode.swift; path = SignInViewModel.swift; sourceTree = "<group>"; };
		F264C99824D288C000CE0251 /* IntroViewModel.swift */ = {isa = PBXFileReference; lastKnownFileType = sourcecode.swift; path = IntroViewModel.swift; sourceTree = "<group>"; };
		F264C99A24D2EC1400CE0251 /* AppCoordinator.swift */ = {isa = PBXFileReference; lastKnownFileType = sourcecode.swift; path = AppCoordinator.swift; sourceTree = "<group>"; };
		F264C99D24D3B68D00CE0251 /* User.swift */ = {isa = PBXFileReference; lastKnownFileType = sourcecode.swift; path = User.swift; sourceTree = "<group>"; };
		F264C99F24D3B77B00CE0251 /* ResponseProtocol.swift */ = {isa = PBXFileReference; lastKnownFileType = sourcecode.swift; path = ResponseProtocol.swift; sourceTree = "<group>"; };
		F264C9A324D3BA4800CE0251 /* Token.swift */ = {isa = PBXFileReference; lastKnownFileType = sourcecode.swift; path = Token.swift; sourceTree = "<group>"; };
		F264C9AE24D3C7AA00CE0251 /* BaseAPI.swift */ = {isa = PBXFileReference; lastKnownFileType = sourcecode.swift; path = BaseAPI.swift; sourceTree = "<group>"; };
		F264C9B324D3ECD600CE0251 /* BaseService.swift */ = {isa = PBXFileReference; lastKnownFileType = sourcecode.swift; path = BaseService.swift; sourceTree = "<group>"; };
		F264C9B624D3F07400CE0251 /* RequestLoggingPlugin.swift */ = {isa = PBXFileReference; lastKnownFileType = sourcecode.swift; path = RequestLoggingPlugin.swift; sourceTree = "<group>"; };
		F264C9B924D3F12E00CE0251 /* AuthService.swift */ = {isa = PBXFileReference; lastKnownFileType = sourcecode.swift; path = AuthService.swift; sourceTree = "<group>"; };
		F264C9BB24D3F1A700CE0251 /* HandleResponse.swift */ = {isa = PBXFileReference; lastKnownFileType = sourcecode.swift; path = HandleResponse.swift; sourceTree = "<group>"; };
		F27A9B1624D0595200960043 /* Intro.storyboard */ = {isa = PBXFileReference; lastKnownFileType = file.storyboard; path = Intro.storyboard; sourceTree = "<group>"; };
		F27A9B2724D0FEEE00960043 /* ViewModelType.swift */ = {isa = PBXFileReference; lastKnownFileType = sourcecode.swift; path = ViewModelType.swift; sourceTree = "<group>"; };
		F27A9B2B24D123AB00960043 /* AuthManager.swift */ = {isa = PBXFileReference; lastKnownFileType = sourcecode.swift; path = AuthManager.swift; sourceTree = "<group>"; };
		F27ACAC224D4517600C3A30B /* CoatCodeService.swift */ = {isa = PBXFileReference; lastKnownFileType = sourcecode.swift; path = CoatCodeService.swift; sourceTree = "<group>"; };
		F28EE8B424D6F22100D9A9DD /* ActivityIndicator.swift */ = {isa = PBXFileReference; lastKnownFileType = sourcecode.swift; path = ActivityIndicator.swift; sourceTree = "<group>"; };
		F2D91C1224DAF27F00D36E17 /* CoatCodeAPI.swift */ = {isa = PBXFileReference; lastKnownFileType = sourcecode.swift; path = CoatCodeAPI.swift; sourceTree = "<group>"; };
		F2D91C1524DAF30000D36E17 /* AuthAPI.swift */ = {isa = PBXFileReference; lastKnownFileType = sourcecode.swift; path = AuthAPI.swift; sourceTree = "<group>"; };
/* End PBXFileReference section */

/* Begin PBXFrameworksBuildPhase section */
		F231AEEC24A893CB00BA720B /* Frameworks */ = {
			isa = PBXFrameworksBuildPhase;
			buildActionMask = 2147483647;
			files = (
				3FE9012010AFA416A5EBB44B /* Pods_CoatCode.framework in Frameworks */,
			);
			runOnlyForDeploymentPostprocessing = 0;
		};
/* End PBXFrameworksBuildPhase section */

/* Begin PBXGroup section */
		DC51867AD536A4967629BA74 /* Frameworks */ = {
			isa = PBXGroup;
			children = (
				84E6D3FC4C5AF1E109FEDE98 /* Pods_CoatCode.framework */,
			);
			name = Frameworks;
			sourceTree = "<group>";
		};
		F19DEFCC85BA2122904FA01B /* Pods */ = {
			isa = PBXGroup;
			children = (
				249176EF3C2590EDDDE35285 /* Pods-CoatCode.debug.xcconfig */,
				C5AD3DD0458F10859CFB875D /* Pods-CoatCode.release.xcconfig */,
			);
			path = Pods;
			sourceTree = "<group>";
		};
		F2153B8C24D268DD00BFD08F /* Intro */ = {
			isa = PBXGroup;
			children = (
				F2153B8D24D268EB00BFD08F /* Coordinator */,
				F2153B8E24D269A400BFD08F /* ViewModel */,
				F2153B8F24D269AC00BFD08F /* VIew */,
			);
			path = Intro;
			sourceTree = "<group>";
		};
		F2153B8D24D268EB00BFD08F /* Coordinator */ = {
			isa = PBXGroup;
			children = (
				F2153B9024D269F500BFD08F /* IntroCoordinator.swift */,
			);
			path = Coordinator;
			sourceTree = "<group>";
		};
		F2153B8E24D269A400BFD08F /* ViewModel */ = {
			isa = PBXGroup;
			children = (
				F264C99824D288C000CE0251 /* IntroViewModel.swift */,
			);
			path = ViewModel;
			sourceTree = "<group>";
		};
		F2153B8F24D269AC00BFD08F /* VIew */ = {
			isa = PBXGroup;
			children = (
				F2153B9224D26A9000BFD08F /* IntroViewController.swift */,
			);
			path = VIew;
			sourceTree = "<group>";
		};
		F231AEE624A893CB00BA720B = {
			isa = PBXGroup;
			children = (
				F231AEF124A893CB00BA720B /* CoatCode */,
				F231AEF024A893CB00BA720B /* Products */,
				F19DEFCC85BA2122904FA01B /* Pods */,
				DC51867AD536A4967629BA74 /* Frameworks */,
			);
			sourceTree = "<group>";
		};
		F231AEF024A893CB00BA720B /* Products */ = {
			isa = PBXGroup;
			children = (
				F231AEEF24A893CB00BA720B /* CoatCode.app */,
			);
			name = Products;
			sourceTree = "<group>";
		};
		F231AEF124A893CB00BA720B /* CoatCode */ = {
			isa = PBXGroup;
			children = (
				F27A9B0E24D0058C00960043 /* Application */,
				F27A9B2524D0FEC400960043 /* Common */,
				F264C9A524D3BABB00CE0251 /* Configs */,
				F264C9A624D3BAD700CE0251 /* Extensions */,
				F264C9A724D3BAF900CE0251 /* Managers */,
				F264C9A824D3BB0900CE0251 /* Models */,
				F2728F8A24D004F900123723 /* Modules */,
				F264C9A924D3BB2100CE0251 /* Networking */,
				F28EE8B224D6F1D500D9A9DD /* Third Party */,
				F27A9B2924D1039B00960043 /* Resources */,
			);
			path = CoatCode;
			sourceTree = "<group>";
		};
		F264C9A524D3BABB00CE0251 /* Configs */ = {
			isa = PBXGroup;
			children = (
			);
			path = Configs;
			sourceTree = "<group>";
		};
		F264C9A624D3BAD700CE0251 /* Extensions */ = {
			isa = PBXGroup;
			children = (
				F264C9AA24D3BBC500CE0251 /* Foundation */,
				F264C9AB24D3BBCC00CE0251 /* RxSwift */,
			);
			path = Extensions;
			sourceTree = "<group>";
		};
		F264C9A724D3BAF900CE0251 /* Managers */ = {
			isa = PBXGroup;
			children = (
				F27A9B2B24D123AB00960043 /* AuthManager.swift */,
			);
			path = Managers;
			sourceTree = "<group>";
		};
		F264C9A824D3BB0900CE0251 /* Models */ = {
			isa = PBXGroup;
			children = (
				F264C99D24D3B68D00CE0251 /* User.swift */,
				F264C9A324D3BA4800CE0251 /* Token.swift */,
			);
			path = Models;
			sourceTree = "<group>";
		};
		F264C9A924D3BB2100CE0251 /* Networking */ = {
			isa = PBXGroup;
			children = (
				F2D91C1724DAF3B800D36E17 /* RestAPI */,
				F264C9B524D3F04D00CE0251 /* CustomPlugin */,
			);
			path = Networking;
			sourceTree = "<group>";
		};
		F264C9AA24D3BBC500CE0251 /* Foundation */ = {
			isa = PBXGroup;
			children = (
			);
			path = Foundation;
			sourceTree = "<group>";
		};
		F264C9AB24D3BBCC00CE0251 /* RxSwift */ = {
			isa = PBXGroup;
			children = (
			);
			path = RxSwift;
			sourceTree = "<group>";
		};
		F264C9B524D3F04D00CE0251 /* CustomPlugin */ = {
			isa = PBXGroup;
			children = (
				F264C9B624D3F07400CE0251 /* RequestLoggingPlugin.swift */,
			);
			path = CustomPlugin;
			sourceTree = "<group>";
		};
		F2728F8A24D004F900123723 /* Modules */ = {
			isa = PBXGroup;
			children = (
				F27A9B1324D0562800960043 /* IntroScene */,
			);
			path = Modules;
			sourceTree = "<group>";
		};
		F2788D3924D4170E00BD74D7 /* CoatCodeService */ = {
			isa = PBXGroup;
			children = (
				F27ACAC224D4517600C3A30B /* CoatCodeService.swift */,
				F2D91C1224DAF27F00D36E17 /* CoatCodeAPI.swift */,
			);
			path = CoatCodeService;
			sourceTree = "<group>";
		};
		F27A9B0E24D0058C00960043 /* Application */ = {
			isa = PBXGroup;
			children = (
				F231AEF224A893CB00BA720B /* AppDelegate.swift */,
				F264C99A24D2EC1400CE0251 /* AppCoordinator.swift */,
			);
			path = Application;
			sourceTree = "<group>";
		};
		F27A9B1324D0562800960043 /* IntroScene */ = {
			isa = PBXGroup;
			children = (
				F27A9B1624D0595200960043 /* Intro.storyboard */,
				F2153B8C24D268DD00BFD08F /* Intro */,
				F27A9B1424D0565C00960043 /* SignIn */,
				F27A9B1524D0589300960043 /* SignUp */,
			);
			path = IntroScene;
			sourceTree = "<group>";
		};
		F27A9B1424D0565C00960043 /* SignIn */ = {
			isa = PBXGroup;
			children = (
				F27A9B1A24D0F92E00960043 /* Coordinator */,
				F27A9B1924D0F90A00960043 /* ViewModel */,
				F27A9B1824D0F90300960043 /* View */,
			);
			path = SignIn;
			sourceTree = "<group>";
		};
		F27A9B1524D0589300960043 /* SignUp */ = {
			isa = PBXGroup;
			children = (
				F27A9B1B24D0F94800960043 /* Coordinator */,
				F27A9B1C24D0F95200960043 /* ViewModel */,
				F27A9B1D24D0F95900960043 /* View */,
			);
			path = SignUp;
			sourceTree = "<group>";
		};
		F27A9B1824D0F90300960043 /* View */ = {
			isa = PBXGroup;
			children = (
				F2153B9424D272A100BFD08F /* SignInViewController.swift */,
				F264C99424D2844E00CE0251 /* SocialLoginViewController.swift */,
			);
			path = View;
			sourceTree = "<group>";
		};
		F27A9B1924D0F90A00960043 /* ViewModel */ = {
			isa = PBXGroup;
			children = (
				F264C99624D2878A00CE0251 /* SignInViewModel.swift */,
			);
			path = ViewModel;
			sourceTree = "<group>";
		};
		F27A9B1A24D0F92E00960043 /* Coordinator */ = {
			isa = PBXGroup;
			children = (
			);
			path = Coordinator;
			sourceTree = "<group>";
		};
		F27A9B1B24D0F94800960043 /* Coordinator */ = {
			isa = PBXGroup;
			children = (
			);
			path = Coordinator;
			sourceTree = "<group>";
		};
		F27A9B1C24D0F95200960043 /* ViewModel */ = {
			isa = PBXGroup;
			children = (
			);
			path = ViewModel;
			sourceTree = "<group>";
		};
		F27A9B1D24D0F95900960043 /* View */ = {
			isa = PBXGroup;
			children = (
				F264C98E24D2775500CE0251 /* SignupInputViewController.swift */,
				F264C99024D2779D00CE0251 /* EmailCodeViewController.swift */,
				F264C99224D2834D00CE0251 /* SetProfileViewController.swift */,
			);
			path = View;
			sourceTree = "<group>";
		};
		F27A9B2524D0FEC400960043 /* Common */ = {
			isa = PBXGroup;
			children = (
				F27A9B2724D0FEEE00960043 /* ViewModelType.swift */,
				F264C99F24D3B77B00CE0251 /* ResponseProtocol.swift */,
			);
			path = Common;
			sourceTree = "<group>";
		};
		F27A9B2924D1039B00960043 /* Resources */ = {
			isa = PBXGroup;
			children = (
				F231AF0024A893CD00BA720B /* Info.plist */,
				F231AEFD24A893CD00BA720B /* LaunchScreen.storyboard */,
				F231AEFB24A893CD00BA720B /* Assets.xcassets */,
			);
			name = Resources;
			sourceTree = "<group>";
		};
		F28EE8B224D6F1D500D9A9DD /* Third Party */ = {
			isa = PBXGroup;
			children = (
				F28EE8B324D6F1F200D9A9DD /* RxActivityIndicator */,
			);
			path = "Third Party";
			sourceTree = "<group>";
		};
		F28EE8B324D6F1F200D9A9DD /* RxActivityIndicator */ = {
			isa = PBXGroup;
			children = (
				F28EE8B424D6F22100D9A9DD /* ActivityIndicator.swift */,
			);
			path = RxActivityIndicator;
			sourceTree = "<group>";
		};
		F2D91C1124DAF17C00D36E17 /* BaseService */ = {
			isa = PBXGroup;
			children = (
				F264C9B324D3ECD600CE0251 /* BaseService.swift */,
				F264C9AE24D3C7AA00CE0251 /* BaseAPI.swift */,
			);
			path = BaseService;
			sourceTree = "<group>";
		};
		F2D91C1424DAF2A100D36E17 /* AuthService */ = {
			isa = PBXGroup;
			children = (
				F264C9B924D3F12E00CE0251 /* AuthService.swift */,
				F2D91C1524DAF30000D36E17 /* AuthAPI.swift */,
				F264C9BB24D3F1A700CE0251 /* HandleResponse.swift */,
			);
			path = AuthService;
			sourceTree = "<group>";
		};
		F2D91C1724DAF3B800D36E17 /* RestAPI */ = {
			isa = PBXGroup;
			children = (
				F2D91C1124DAF17C00D36E17 /* BaseService */,
				F2D91C1424DAF2A100D36E17 /* AuthService */,
				F2788D3924D4170E00BD74D7 /* CoatCodeService */,
			);
			path = RestAPI;
			sourceTree = "<group>";
		};
/* End PBXGroup section */

/* Begin PBXNativeTarget section */
		F231AEEE24A893CB00BA720B /* CoatCode */ = {
			isa = PBXNativeTarget;
			buildConfigurationList = F231AF0324A893CD00BA720B /* Build configuration list for PBXNativeTarget "CoatCode" */;
			buildPhases = (
				2B532230BCB02003F1C35B73 /* [CP] Check Pods Manifest.lock */,
				F231AEEB24A893CB00BA720B /* Sources */,
				F231AEEC24A893CB00BA720B /* Frameworks */,
				F231AEED24A893CB00BA720B /* Resources */,
				15E53298F3E76C989AB0CA3B /* [CP] Embed Pods Frameworks */,
			);
			buildRules = (
			);
			dependencies = (
			);
			name = CoatCode;
			productName = CoatCode;
			productReference = F231AEEF24A893CB00BA720B /* CoatCode.app */;
			productType = "com.apple.product-type.application";
		};
/* End PBXNativeTarget section */

/* Begin PBXProject section */
		F231AEE724A893CB00BA720B /* Project object */ = {
			isa = PBXProject;
			attributes = {
				LastSwiftUpdateCheck = 1150;
				LastUpgradeCheck = 1150;
				ORGANIZATIONNAME = MinseokKang;
				TargetAttributes = {
					F231AEEE24A893CB00BA720B = {
						CreatedOnToolsVersion = 11.5;
					};
				};
			};
			buildConfigurationList = F231AEEA24A893CB00BA720B /* Build configuration list for PBXProject "CoatCode" */;
			compatibilityVersion = "Xcode 9.3";
			developmentRegion = en;
			hasScannedForEncodings = 0;
			knownRegions = (
				en,
				Base,
			);
			mainGroup = F231AEE624A893CB00BA720B;
			productRefGroup = F231AEF024A893CB00BA720B /* Products */;
			projectDirPath = "";
			projectRoot = "";
			targets = (
				F231AEEE24A893CB00BA720B /* CoatCode */,
			);
		};
/* End PBXProject section */

/* Begin PBXResourcesBuildPhase section */
		F231AEED24A893CB00BA720B /* Resources */ = {
			isa = PBXResourcesBuildPhase;
			buildActionMask = 2147483647;
			files = (
				F231AEFF24A893CD00BA720B /* LaunchScreen.storyboard in Resources */,
				F231AEFC24A893CD00BA720B /* Assets.xcassets in Resources */,
				F27A9B1724D0595200960043 /* Intro.storyboard in Resources */,
			);
			runOnlyForDeploymentPostprocessing = 0;
		};
/* End PBXResourcesBuildPhase section */

/* Begin PBXShellScriptBuildPhase section */
		15E53298F3E76C989AB0CA3B /* [CP] Embed Pods Frameworks */ = {
			isa = PBXShellScriptBuildPhase;
			buildActionMask = 2147483647;
			files = (
			);
			inputFileListPaths = (
				"${PODS_ROOT}/Target Support Files/Pods-CoatCode/Pods-CoatCode-frameworks-${CONFIGURATION}-input-files.xcfilelist",
			);
			name = "[CP] Embed Pods Frameworks";
			outputFileListPaths = (
				"${PODS_ROOT}/Target Support Files/Pods-CoatCode/Pods-CoatCode-frameworks-${CONFIGURATION}-output-files.xcfilelist",
			);
			runOnlyForDeploymentPostprocessing = 0;
			shellPath = /bin/sh;
			shellScript = "\"${PODS_ROOT}/Target Support Files/Pods-CoatCode/Pods-CoatCode-frameworks.sh\"\n";
			showEnvVarsInLog = 0;
		};
		2B532230BCB02003F1C35B73 /* [CP] Check Pods Manifest.lock */ = {
			isa = PBXShellScriptBuildPhase;
			buildActionMask = 2147483647;
			files = (
			);
			inputFileListPaths = (
			);
			inputPaths = (
				"${PODS_PODFILE_DIR_PATH}/Podfile.lock",
				"${PODS_ROOT}/Manifest.lock",
			);
			name = "[CP] Check Pods Manifest.lock";
			outputFileListPaths = (
			);
			outputPaths = (
				"$(DERIVED_FILE_DIR)/Pods-CoatCode-checkManifestLockResult.txt",
			);
			runOnlyForDeploymentPostprocessing = 0;
			shellPath = /bin/sh;
			shellScript = "diff \"${PODS_PODFILE_DIR_PATH}/Podfile.lock\" \"${PODS_ROOT}/Manifest.lock\" > /dev/null\nif [ $? != 0 ] ; then\n    # print error to STDERR\n    echo \"error: The sandbox is not in sync with the Podfile.lock. Run 'pod install' or update your CocoaPods installation.\" >&2\n    exit 1\nfi\n# This output is used by Xcode 'outputs' to avoid re-running this script phase.\necho \"SUCCESS\" > \"${SCRIPT_OUTPUT_FILE_0}\"\n";
			showEnvVarsInLog = 0;
		};
/* End PBXShellScriptBuildPhase section */

/* Begin PBXSourcesBuildPhase section */
		F231AEEB24A893CB00BA720B /* Sources */ = {
			isa = PBXSourcesBuildPhase;
			buildActionMask = 2147483647;
			files = (
				F231AEF324A893CB00BA720B /* AppDelegate.swift in Sources */,
				F264C99324D2834D00CE0251 /* SetProfileViewController.swift in Sources */,
				F264C99924D288C000CE0251 /* IntroViewModel.swift in Sources */,
				F264C9A024D3B77B00CE0251 /* ResponseProtocol.swift in Sources */,
				F2153B9324D26A9000BFD08F /* IntroViewController.swift in Sources */,
				F264C9B724D3F07400CE0251 /* RequestLoggingPlugin.swift in Sources */,
				F264C99E24D3B68D00CE0251 /* User.swift in Sources */,
				F264C9BC24D3F1A700CE0251 /* HandleResponse.swift in Sources */,
				F2D91C1324DAF27F00D36E17 /* CoatCodeAPI.swift in Sources */,
				F2153B9524D272A100BFD08F /* SignInViewController.swift in Sources */,
				F264C9B424D3ECD600CE0251 /* BaseService.swift in Sources */,
				F264C99724D2878A00CE0251 /* SignInViewModel.swift in Sources */,
				F264C99524D2844E00CE0251 /* SocialLoginViewController.swift in Sources */,
				F28EE8B524D6F22100D9A9DD /* ActivityIndicator.swift in Sources */,
				F27A9B2824D0FEEE00960043 /* ViewModelType.swift in Sources */,
				F264C9BA24D3F12E00CE0251 /* AuthService.swift in Sources */,
				F2D91C1624DAF30000D36E17 /* AuthAPI.swift in Sources */,
				F27A9B2C24D123AB00960043 /* AuthManager.swift in Sources */,
				F2153B9124D269F500BFD08F /* IntroCoordinator.swift in Sources */,
				F264C9A424D3BA4800CE0251 /* Token.swift in Sources */,
				F264C99B24D2EC1400CE0251 /* AppCoordinator.swift in Sources */,
				F264C99124D2779D00CE0251 /* EmailCodeViewController.swift in Sources */,
				F264C9AF24D3C7AA00CE0251 /* BaseAPI.swift in Sources */,
				F264C98F24D2775500CE0251 /* SignupInputViewController.swift in Sources */,
				F27ACAC324D4517600C3A30B /* CoatCodeService.swift in Sources */,
			);
			runOnlyForDeploymentPostprocessing = 0;
		};
/* End PBXSourcesBuildPhase section */

/* Begin PBXVariantGroup section */
		F231AEFD24A893CD00BA720B /* LaunchScreen.storyboard */ = {
			isa = PBXVariantGroup;
			children = (
				F231AEFE24A893CD00BA720B /* Base */,
			);
			name = LaunchScreen.storyboard;
			sourceTree = "<group>";
		};
/* End PBXVariantGroup section */

/* Begin XCBuildConfiguration section */
		F231AF0124A893CD00BA720B /* Debug */ = {
			isa = XCBuildConfiguration;
			buildSettings = {
				ALWAYS_SEARCH_USER_PATHS = NO;
				CLANG_ANALYZER_NONNULL = YES;
				CLANG_ANALYZER_NUMBER_OBJECT_CONVERSION = YES_AGGRESSIVE;
				CLANG_CXX_LANGUAGE_STANDARD = "gnu++14";
				CLANG_CXX_LIBRARY = "libc++";
				CLANG_ENABLE_MODULES = YES;
				CLANG_ENABLE_OBJC_ARC = YES;
				CLANG_ENABLE_OBJC_WEAK = YES;
				CLANG_WARN_BLOCK_CAPTURE_AUTORELEASING = YES;
				CLANG_WARN_BOOL_CONVERSION = YES;
				CLANG_WARN_COMMA = YES;
				CLANG_WARN_CONSTANT_CONVERSION = YES;
				CLANG_WARN_DEPRECATED_OBJC_IMPLEMENTATIONS = YES;
				CLANG_WARN_DIRECT_OBJC_ISA_USAGE = YES_ERROR;
				CLANG_WARN_DOCUMENTATION_COMMENTS = YES;
				CLANG_WARN_EMPTY_BODY = YES;
				CLANG_WARN_ENUM_CONVERSION = YES;
				CLANG_WARN_INFINITE_RECURSION = YES;
				CLANG_WARN_INT_CONVERSION = YES;
				CLANG_WARN_NON_LITERAL_NULL_CONVERSION = YES;
				CLANG_WARN_OBJC_IMPLICIT_RETAIN_SELF = YES;
				CLANG_WARN_OBJC_LITERAL_CONVERSION = YES;
				CLANG_WARN_OBJC_ROOT_CLASS = YES_ERROR;
				CLANG_WARN_RANGE_LOOP_ANALYSIS = YES;
				CLANG_WARN_STRICT_PROTOTYPES = YES;
				CLANG_WARN_SUSPICIOUS_MOVE = YES;
				CLANG_WARN_UNGUARDED_AVAILABILITY = YES_AGGRESSIVE;
				CLANG_WARN_UNREACHABLE_CODE = YES;
				CLANG_WARN__DUPLICATE_METHOD_MATCH = YES;
				COPY_PHASE_STRIP = NO;
				DEBUG_INFORMATION_FORMAT = dwarf;
				ENABLE_STRICT_OBJC_MSGSEND = YES;
				ENABLE_TESTABILITY = YES;
				GCC_C_LANGUAGE_STANDARD = gnu11;
				GCC_DYNAMIC_NO_PIC = NO;
				GCC_NO_COMMON_BLOCKS = YES;
				GCC_OPTIMIZATION_LEVEL = 0;
				GCC_PREPROCESSOR_DEFINITIONS = (
					"DEBUG=1",
					"$(inherited)",
				);
				GCC_WARN_64_TO_32_BIT_CONVERSION = YES;
				GCC_WARN_ABOUT_RETURN_TYPE = YES_ERROR;
				GCC_WARN_UNDECLARED_SELECTOR = YES;
				GCC_WARN_UNINITIALIZED_AUTOS = YES_AGGRESSIVE;
				GCC_WARN_UNUSED_FUNCTION = YES;
				GCC_WARN_UNUSED_VARIABLE = YES;
				IPHONEOS_DEPLOYMENT_TARGET = 11.0;
				MTL_ENABLE_DEBUG_INFO = INCLUDE_SOURCE;
				MTL_FAST_MATH = YES;
				ONLY_ACTIVE_ARCH = YES;
				SDKROOT = iphoneos;
				SWIFT_ACTIVE_COMPILATION_CONDITIONS = DEBUG;
				SWIFT_OPTIMIZATION_LEVEL = "-Onone";
			};
			name = Debug;
		};
		F231AF0224A893CD00BA720B /* Release */ = {
			isa = XCBuildConfiguration;
			buildSettings = {
				ALWAYS_SEARCH_USER_PATHS = NO;
				CLANG_ANALYZER_NONNULL = YES;
				CLANG_ANALYZER_NUMBER_OBJECT_CONVERSION = YES_AGGRESSIVE;
				CLANG_CXX_LANGUAGE_STANDARD = "gnu++14";
				CLANG_CXX_LIBRARY = "libc++";
				CLANG_ENABLE_MODULES = YES;
				CLANG_ENABLE_OBJC_ARC = YES;
				CLANG_ENABLE_OBJC_WEAK = YES;
				CLANG_WARN_BLOCK_CAPTURE_AUTORELEASING = YES;
				CLANG_WARN_BOOL_CONVERSION = YES;
				CLANG_WARN_COMMA = YES;
				CLANG_WARN_CONSTANT_CONVERSION = YES;
				CLANG_WARN_DEPRECATED_OBJC_IMPLEMENTATIONS = YES;
				CLANG_WARN_DIRECT_OBJC_ISA_USAGE = YES_ERROR;
				CLANG_WARN_DOCUMENTATION_COMMENTS = YES;
				CLANG_WARN_EMPTY_BODY = YES;
				CLANG_WARN_ENUM_CONVERSION = YES;
				CLANG_WARN_INFINITE_RECURSION = YES;
				CLANG_WARN_INT_CONVERSION = YES;
				CLANG_WARN_NON_LITERAL_NULL_CONVERSION = YES;
				CLANG_WARN_OBJC_IMPLICIT_RETAIN_SELF = YES;
				CLANG_WARN_OBJC_LITERAL_CONVERSION = YES;
				CLANG_WARN_OBJC_ROOT_CLASS = YES_ERROR;
				CLANG_WARN_RANGE_LOOP_ANALYSIS = YES;
				CLANG_WARN_STRICT_PROTOTYPES = YES;
				CLANG_WARN_SUSPICIOUS_MOVE = YES;
				CLANG_WARN_UNGUARDED_AVAILABILITY = YES_AGGRESSIVE;
				CLANG_WARN_UNREACHABLE_CODE = YES;
				CLANG_WARN__DUPLICATE_METHOD_MATCH = YES;
				COPY_PHASE_STRIP = NO;
				DEBUG_INFORMATION_FORMAT = "dwarf-with-dsym";
				ENABLE_NS_ASSERTIONS = NO;
				ENABLE_STRICT_OBJC_MSGSEND = YES;
				GCC_C_LANGUAGE_STANDARD = gnu11;
				GCC_NO_COMMON_BLOCKS = YES;
				GCC_WARN_64_TO_32_BIT_CONVERSION = YES;
				GCC_WARN_ABOUT_RETURN_TYPE = YES_ERROR;
				GCC_WARN_UNDECLARED_SELECTOR = YES;
				GCC_WARN_UNINITIALIZED_AUTOS = YES_AGGRESSIVE;
				GCC_WARN_UNUSED_FUNCTION = YES;
				GCC_WARN_UNUSED_VARIABLE = YES;
				IPHONEOS_DEPLOYMENT_TARGET = 11.0;
				MTL_ENABLE_DEBUG_INFO = NO;
				MTL_FAST_MATH = YES;
				SDKROOT = iphoneos;
				SWIFT_COMPILATION_MODE = wholemodule;
				SWIFT_OPTIMIZATION_LEVEL = "-O";
				VALIDATE_PRODUCT = YES;
			};
			name = Release;
		};
		F231AF0424A893CD00BA720B /* Debug */ = {
			isa = XCBuildConfiguration;
			baseConfigurationReference = 249176EF3C2590EDDDE35285 /* Pods-CoatCode.debug.xcconfig */;
			buildSettings = {
				ASSETCATALOG_COMPILER_APPICON_NAME = AppIcon;
				CODE_SIGN_STYLE = Automatic;
				DEVELOPMENT_TEAM = 75FNRKTJ9S;
				INFOPLIST_FILE = CoatCode/Info.plist;
				LD_RUNPATH_SEARCH_PATHS = (
					"$(inherited)",
					"@executable_path/Frameworks",
				);
				PRODUCT_BUNDLE_IDENTIFIER = "com.tistory.axe-num1.CoatCode";
				PRODUCT_NAME = "$(TARGET_NAME)";
				SWIFT_VERSION = 5.0;
				TARGETED_DEVICE_FAMILY = "1,2";
			};
			name = Debug;
		};
		F231AF0524A893CD00BA720B /* Release */ = {
			isa = XCBuildConfiguration;
			baseConfigurationReference = C5AD3DD0458F10859CFB875D /* Pods-CoatCode.release.xcconfig */;
			buildSettings = {
				ASSETCATALOG_COMPILER_APPICON_NAME = AppIcon;
				CODE_SIGN_STYLE = Automatic;
				DEVELOPMENT_TEAM = 75FNRKTJ9S;
				INFOPLIST_FILE = CoatCode/Info.plist;
				LD_RUNPATH_SEARCH_PATHS = (
					"$(inherited)",
					"@executable_path/Frameworks",
				);
				PRODUCT_BUNDLE_IDENTIFIER = "com.tistory.axe-num1.CoatCode";
				PRODUCT_NAME = "$(TARGET_NAME)";
				SWIFT_VERSION = 5.0;
				TARGETED_DEVICE_FAMILY = "1,2";
			};
			name = Release;
		};
/* End XCBuildConfiguration section */

/* Begin XCConfigurationList section */
		F231AEEA24A893CB00BA720B /* Build configuration list for PBXProject "CoatCode" */ = {
			isa = XCConfigurationList;
			buildConfigurations = (
				F231AF0124A893CD00BA720B /* Debug */,
				F231AF0224A893CD00BA720B /* Release */,
			);
			defaultConfigurationIsVisible = 0;
			defaultConfigurationName = Release;
		};
		F231AF0324A893CD00BA720B /* Build configuration list for PBXNativeTarget "CoatCode" */ = {
			isa = XCConfigurationList;
			buildConfigurations = (
				F231AF0424A893CD00BA720B /* Debug */,
				F231AF0524A893CD00BA720B /* Release */,
			);
			defaultConfigurationIsVisible = 0;
			defaultConfigurationName = Release;
		};
/* End XCConfigurationList section */
	};
	rootObject = F231AEE724A893CB00BA720B /* Project object */;
}
